// !$*UTF8*$!
{
	archiveVersion = 1;
	classes = {
	};
	objectVersion = 46;
	objects = {

/* Begin PBXBuildFile section */
		2A06AB971E6E11540025B9AE /* AddClassViewController.swift in Sources */ = {isa = PBXBuildFile; fileRef = 2A06AB961E6E11540025B9AE /* AddClassViewController.swift */; };
		2A0FFAE81E4AA4D400160785 /* IncompleteDeadlinesViewController.swift in Sources */ = {isa = PBXBuildFile; fileRef = 2A0FFAE71E4AA4D400160785 /* IncompleteDeadlinesViewController.swift */; };
		2A0FFAEA1E4AA4F300160785 /* CompleteDeadlinesViewController.swift in Sources */ = {isa = PBXBuildFile; fileRef = 2A0FFAE91E4AA4F300160785 /* CompleteDeadlinesViewController.swift */; };
		2A26E57B1E50E2950030E05B /* PreferencesViewController.swift in Sources */ = {isa = PBXBuildFile; fileRef = 2A26E57A1E50E2950030E05B /* PreferencesViewController.swift */; };
		2A3140CB1E4943B50084327F /* TimetableViewController.swift in Sources */ = {isa = PBXBuildFile; fileRef = 2A3140CA1E4943B50084327F /* TimetableViewController.swift */; };
		2A3140CD1E4943C20084327F /* DeadlinesViewController.swift in Sources */ = {isa = PBXBuildFile; fileRef = 2A3140CC1E4943C20084327F /* DeadlinesViewController.swift */; };
		2A3140D71E49466D0084327F /* HomePageViewController.swift in Sources */ = {isa = PBXBuildFile; fileRef = 2A3140D61E49466D0084327F /* HomePageViewController.swift */; };
		2A3140DB1E4958C60084327F /* class.phpmailer.php in Resources */ = {isa = PBXBuildFile; fileRef = 2A3140DA1E4958C60084327F /* class.phpmailer.php */; };
		2A368EA01E5E26FF004BFD25 /* ExistingTimetableViewController.swift in Sources */ = {isa = PBXBuildFile; fileRef = 2A368E9F1E5E26FF004BFD25 /* ExistingTimetableViewController.swift */; };
		2A55BFD71E5257A900555670 /* ManageAccountViewController.swift in Sources */ = {isa = PBXBuildFile; fileRef = 2A55BFD61E5257A900555670 /* ManageAccountViewController.swift */; };
		2A68BFBB1E7495C200B4B7AC /* addInstructors.php in Resources */ = {isa = PBXBuildFile; fileRef = 2A68BFAD1E7495C200B4B7AC /* addInstructors.php */; };
		2A68BFBC1E7495C200B4B7AC /* addSubjects.php in Resources */ = {isa = PBXBuildFile; fileRef = 2A68BFAE1E7495C200B4B7AC /* addSubjects.php */; };
		2A68BFBD1E7495C200B4B7AC /* changePassword.php in Resources */ = {isa = PBXBuildFile; fileRef = 2A68BFAF1E7495C200B4B7AC /* changePassword.php */; };
		2A68BFBE1E7495C200B4B7AC /* class.phpmailer.php in Resources */ = {isa = PBXBuildFile; fileRef = 2A68BFB01E7495C200B4B7AC /* class.phpmailer.php */; };
		2A68BFBF1E7495C200B4B7AC /* connection.php in Resources */ = {isa = PBXBuildFile; fileRef = 2A68BFB11E7495C200B4B7AC /* connection.php */; };
		2A68BFC01E7495C200B4B7AC /* email_verify.php in Resources */ = {isa = PBXBuildFile; fileRef = 2A68BFB21E7495C200B4B7AC /* email_verify.php */; };
		2A68BFC11E7495C200B4B7AC /* removeInstructors.php in Resources */ = {isa = PBXBuildFile; fileRef = 2A68BFB31E7495C200B4B7AC /* removeInstructors.php */; };
		2A68BFC21E7495C200B4B7AC /* removeSubjects.php in Resources */ = {isa = PBXBuildFile; fileRef = 2A68BFB41E7495C200B4B7AC /* removeSubjects.php */; };
		2A68BFC31E7495C200B4B7AC /* retrieveInstructors.php in Resources */ = {isa = PBXBuildFile; fileRef = 2A68BFB51E7495C200B4B7AC /* retrieveInstructors.php */; };
		2A68BFC41E7495C200B4B7AC /* retrieveSubjects.php in Resources */ = {isa = PBXBuildFile; fileRef = 2A68BFB61E7495C200B4B7AC /* retrieveSubjects.php */; };
		2A68BFC51E7495C200B4B7AC /* testfile.php in Resources */ = {isa = PBXBuildFile; fileRef = 2A68BFB71E7495C200B4B7AC /* testfile.php */; };
		2A68BFC61E7495C200B4B7AC /* userForgot.php in Resources */ = {isa = PBXBuildFile; fileRef = 2A68BFB81E7495C200B4B7AC /* userForgot.php */; };
		2A68BFC71E7495C200B4B7AC /* userLogin.php in Resources */ = {isa = PBXBuildFile; fileRef = 2A68BFB91E7495C200B4B7AC /* userLogin.php */; };
		2A68BFC81E7495C200B4B7AC /* userRegister.php in Resources */ = {isa = PBXBuildFile; fileRef = 2A68BFBA1E7495C200B4B7AC /* userRegister.php */; };
		2A787AAD1E42A9C000B82E6E /* AppDelegate.swift in Sources */ = {isa = PBXBuildFile; fileRef = 2A787AAC1E42A9C000B82E6E /* AppDelegate.swift */; };
		2A787AB61E42A9C000B82E6E /* Assets.xcassets in Resources */ = {isa = PBXBuildFile; fileRef = 2A787AB51E42A9C000B82E6E /* Assets.xcassets */; };
		2A787AB91E42A9C000B82E6E /* LaunchScreen.storyboard in Resources */ = {isa = PBXBuildFile; fileRef = 2A787AB71E42A9C000B82E6E /* LaunchScreen.storyboard */; };
		2A787AC41E42A9C000B82E6E /* efuerzoTests.swift in Sources */ = {isa = PBXBuildFile; fileRef = 2A787AC31E42A9C000B82E6E /* efuerzoTests.swift */; };
		2A787ACF1E42A9C000B82E6E /* efuerzoUITests.swift in Sources */ = {isa = PBXBuildFile; fileRef = 2A787ACE1E42A9C000B82E6E /* efuerzoUITests.swift */; };
		2A787ADD1E42AA9100B82E6E /* LoginViewController.swift in Sources */ = {isa = PBXBuildFile; fileRef = 2A787ADC1E42AA9100B82E6E /* LoginViewController.swift */; };
		2A787ADF1E435F5C00B82E6E /* RegisterViewController.swift in Sources */ = {isa = PBXBuildFile; fileRef = 2A787ADE1E435F5C00B82E6E /* RegisterViewController.swift */; };
		2A787AE11E43B0A000B82E6E /* ForgotPassViewController.swift in Sources */ = {isa = PBXBuildFile; fileRef = 2A787AE01E43B0A000B82E6E /* ForgotPassViewController.swift */; };
		2A7AC33A1E54538500AB3966 /* ContactUsViewController.swift in Sources */ = {isa = PBXBuildFile; fileRef = 2A7AC3391E54538500AB3966 /* ContactUsViewController.swift */; };
		2A7F48BB1E64C58E00FC991E /* InstructorViewController.swift in Sources */ = {isa = PBXBuildFile; fileRef = 2A7F48BA1E64C58E00FC991E /* InstructorViewController.swift */; };
		2A7F48BD1E683B3700FC991E /* AddTimetableViewController.swift in Sources */ = {isa = PBXBuildFile; fileRef = 2A7F48BC1E683B3700FC991E /* AddTimetableViewController.swift */; };
		2A7F48C01E683DB900FC991E /* Main.storyboard in Resources */ = {isa = PBXBuildFile; fileRef = 2A7F48BE1E683DB900FC991E /* Main.storyboard */; };
		2A7F48C21E6A0FFB00FC991E /* Reach.swift in Sources */ = {isa = PBXBuildFile; fileRef = 2A7F48C11E6A0FFB00FC991E /* Reach.swift */; };
		2ACCC2891E74A1E10093BA65 /* CellView.swift in Sources */ = {isa = PBXBuildFile; fileRef = 2ACCC2881E74A1E10093BA65 /* CellView.swift */; };
		2ADCDA471E5468EA0084B09A /* walkthroughViewController.swift in Sources */ = {isa = PBXBuildFile; fileRef = 2ADCDA461E5468EA0084B09A /* walkthroughViewController.swift */; };
		2ADCDA491E5486A90084B09A /* PrivacyPolicyViewController.swift in Sources */ = {isa = PBXBuildFile; fileRef = 2ADCDA481E5486A90084B09A /* PrivacyPolicyViewController.swift */; };
		2AF8083E1E74D2E400AB3E58 /* CellView.xib in Resources */ = {isa = PBXBuildFile; fileRef = 2AF8083D1E74D2E400AB3E58 /* CellView.xib */; };
		2AF808401E74DF8C00AB3E58 /* PinkSectionHeaderView.xib in Resources */ = {isa = PBXBuildFile; fileRef = 2AF8083F1E74DF8C00AB3E58 /* PinkSectionHeaderView.xib */; };
		2AF808421E74E03D00AB3E58 /* PinkSectionHeaderView.swift in Sources */ = {isa = PBXBuildFile; fileRef = 2AF808411E74E03D00AB3E58 /* PinkSectionHeaderView.swift */; };
		2AF808441E76429D00AB3E58 /* WhiteSectionHeaderView.xib in Resources */ = {isa = PBXBuildFile; fileRef = 2AF808431E76429D00AB3E58 /* WhiteSectionHeaderView.xib */; };
		2AF808461E76430C00AB3E58 /* WhiteSectionHeaderView.swift in Sources */ = {isa = PBXBuildFile; fileRef = 2AF808451E76430C00AB3E58 /* WhiteSectionHeaderView.swift */; };
		2AF808481E77543500AB3E58 /* CurrentEventsViewController.swift in Sources */ = {isa = PBXBuildFile; fileRef = 2AF808471E77543500AB3E58 /* CurrentEventsViewController.swift */; };
		2AFA69EB1E59B89300A61FA9 /* SubjectsViewController.swift in Sources */ = {isa = PBXBuildFile; fileRef = 2AFA69EA1E59B89300A61FA9 /* SubjectsViewController.swift */; };
		2AFA69EC1E5A754400A61FA9 /* efuerzo.xcdatamodeld in Sources */ = {isa = PBXBuildFile; fileRef = 2A7AC3361E543C0C00AB3966 /* efuerzo.xcdatamodeld */; };
		2AFA69EF1E5A75AC00A61FA9 /* CoreData.framework in Frameworks */ = {isa = PBXBuildFile; fileRef = 2AFA69EE1E5A75AC00A61FA9 /* CoreData.framework */; };
		2AFA6A2E1E5C651300A61FA9 /* PasswordChangeViewController.swift in Sources */ = {isa = PBXBuildFile; fileRef = 2AFA6A2D1E5C651300A61FA9 /* PasswordChangeViewController.swift */; };
		B0A4152A785518C710DB518E /* Pods_efuerzo.framework in Frameworks */ = {isa = PBXBuildFile; fileRef = 4B44072601641C45639DF511 /* Pods_efuerzo.framework */; };
/* End PBXBuildFile section */

/* Begin PBXContainerItemProxy section */
		2A787AC01E42A9C000B82E6E /* PBXContainerItemProxy */ = {
			isa = PBXContainerItemProxy;
			containerPortal = 2A787AA11E42A9C000B82E6E /* Project object */;
			proxyType = 1;
			remoteGlobalIDString = 2A787AA81E42A9C000B82E6E;
			remoteInfo = efuerzo;
		};
		2A787ACB1E42A9C000B82E6E /* PBXContainerItemProxy */ = {
			isa = PBXContainerItemProxy;
			containerPortal = 2A787AA11E42A9C000B82E6E /* Project object */;
			proxyType = 1;
			remoteGlobalIDString = 2A787AA81E42A9C000B82E6E;
			remoteInfo = efuerzo;
		};
/* End PBXContainerItemProxy section */

/* Begin PBXFileReference section */
		2A06AB961E6E11540025B9AE /* AddClassViewController.swift */ = {isa = PBXFileReference; fileEncoding = 4; lastKnownFileType = sourcecode.swift; path = AddClassViewController.swift; sourceTree = "<group>"; };
		2A0FFAE71E4AA4D400160785 /* IncompleteDeadlinesViewController.swift */ = {isa = PBXFileReference; fileEncoding = 4; lastKnownFileType = sourcecode.swift; path = IncompleteDeadlinesViewController.swift; sourceTree = "<group>"; };
		2A0FFAE91E4AA4F300160785 /* CompleteDeadlinesViewController.swift */ = {isa = PBXFileReference; fileEncoding = 4; lastKnownFileType = sourcecode.swift; path = CompleteDeadlinesViewController.swift; sourceTree = "<group>"; };
		2A26E57A1E50E2950030E05B /* PreferencesViewController.swift */ = {isa = PBXFileReference; fileEncoding = 4; lastKnownFileType = sourcecode.swift; path = PreferencesViewController.swift; sourceTree = "<group>"; };
		2A3140CA1E4943B50084327F /* TimetableViewController.swift */ = {isa = PBXFileReference; fileEncoding = 4; lastKnownFileType = sourcecode.swift; path = TimetableViewController.swift; sourceTree = "<group>"; };
		2A3140CC1E4943C20084327F /* DeadlinesViewController.swift */ = {isa = PBXFileReference; fileEncoding = 4; lastKnownFileType = sourcecode.swift; path = DeadlinesViewController.swift; sourceTree = "<group>"; };
		2A3140D61E49466D0084327F /* HomePageViewController.swift */ = {isa = PBXFileReference; fileEncoding = 4; lastKnownFileType = sourcecode.swift; path = HomePageViewController.swift; sourceTree = "<group>"; };
		2A3140DA1E4958C60084327F /* class.phpmailer.php */ = {isa = PBXFileReference; fileEncoding = 4; lastKnownFileType = text.script.php; path = class.phpmailer.php; sourceTree = "<group>"; };
		2A368E9F1E5E26FF004BFD25 /* ExistingTimetableViewController.swift */ = {isa = PBXFileReference; fileEncoding = 4; lastKnownFileType = sourcecode.swift; path = ExistingTimetableViewController.swift; sourceTree = "<group>"; };
		2A55BFD61E5257A900555670 /* ManageAccountViewController.swift */ = {isa = PBXFileReference; fileEncoding = 4; lastKnownFileType = sourcecode.swift; path = ManageAccountViewController.swift; sourceTree = "<group>"; };
		2A68BFAD1E7495C200B4B7AC /* addInstructors.php */ = {isa = PBXFileReference; fileEncoding = 4; lastKnownFileType = text.script.php; name = addInstructors.php; path = ../scripts/addInstructors.php; sourceTree = "<group>"; };
		2A68BFAE1E7495C200B4B7AC /* addSubjects.php */ = {isa = PBXFileReference; fileEncoding = 4; lastKnownFileType = text.script.php; name = addSubjects.php; path = ../scripts/addSubjects.php; sourceTree = "<group>"; };
		2A68BFAF1E7495C200B4B7AC /* changePassword.php */ = {isa = PBXFileReference; fileEncoding = 4; lastKnownFileType = text.script.php; name = changePassword.php; path = ../scripts/changePassword.php; sourceTree = "<group>"; };
		2A68BFB01E7495C200B4B7AC /* class.phpmailer.php */ = {isa = PBXFileReference; fileEncoding = 4; lastKnownFileType = text.script.php; name = class.phpmailer.php; path = ../scripts/class.phpmailer.php; sourceTree = "<group>"; };
		2A68BFB11E7495C200B4B7AC /* connection.php */ = {isa = PBXFileReference; fileEncoding = 4; lastKnownFileType = text.script.php; name = connection.php; path = ../scripts/connection.php; sourceTree = "<group>"; };
		2A68BFB21E7495C200B4B7AC /* email_verify.php */ = {isa = PBXFileReference; fileEncoding = 4; lastKnownFileType = text.script.php; name = email_verify.php; path = ../scripts/email_verify.php; sourceTree = "<group>"; };
		2A68BFB31E7495C200B4B7AC /* removeInstructors.php */ = {isa = PBXFileReference; fileEncoding = 4; lastKnownFileType = text.script.php; name = removeInstructors.php; path = ../scripts/removeInstructors.php; sourceTree = "<group>"; };
		2A68BFB41E7495C200B4B7AC /* removeSubjects.php */ = {isa = PBXFileReference; fileEncoding = 4; lastKnownFileType = text.script.php; name = removeSubjects.php; path = ../scripts/removeSubjects.php; sourceTree = "<group>"; };
		2A68BFB51E7495C200B4B7AC /* retrieveInstructors.php */ = {isa = PBXFileReference; fileEncoding = 4; lastKnownFileType = text.script.php; name = retrieveInstructors.php; path = ../scripts/retrieveInstructors.php; sourceTree = "<group>"; };
		2A68BFB61E7495C200B4B7AC /* retrieveSubjects.php */ = {isa = PBXFileReference; fileEncoding = 4; lastKnownFileType = text.script.php; name = retrieveSubjects.php; path = ../scripts/retrieveSubjects.php; sourceTree = "<group>"; };
		2A68BFB71E7495C200B4B7AC /* testfile.php */ = {isa = PBXFileReference; fileEncoding = 4; lastKnownFileType = text.script.php; name = testfile.php; path = ../scripts/testfile.php; sourceTree = "<group>"; };
		2A68BFB81E7495C200B4B7AC /* userForgot.php */ = {isa = PBXFileReference; fileEncoding = 4; lastKnownFileType = text.script.php; name = userForgot.php; path = ../scripts/userForgot.php; sourceTree = "<group>"; };
		2A68BFB91E7495C200B4B7AC /* userLogin.php */ = {isa = PBXFileReference; fileEncoding = 4; lastKnownFileType = text.script.php; name = userLogin.php; path = ../scripts/userLogin.php; sourceTree = "<group>"; };
		2A68BFBA1E7495C200B4B7AC /* userRegister.php */ = {isa = PBXFileReference; fileEncoding = 4; lastKnownFileType = text.script.php; name = userRegister.php; path = ../scripts/userRegister.php; sourceTree = "<group>"; };
		2A787AA91E42A9C000B82E6E /* efuerzo.app */ = {isa = PBXFileReference; explicitFileType = wrapper.application; includeInIndex = 0; path = efuerzo.app; sourceTree = BUILT_PRODUCTS_DIR; };
		2A787AAC1E42A9C000B82E6E /* AppDelegate.swift */ = {isa = PBXFileReference; lastKnownFileType = sourcecode.swift; path = AppDelegate.swift; sourceTree = "<group>"; };
		2A787AB51E42A9C000B82E6E /* Assets.xcassets */ = {isa = PBXFileReference; lastKnownFileType = folder.assetcatalog; path = Assets.xcassets; sourceTree = "<group>"; };
		2A787AB81E42A9C000B82E6E /* Base */ = {isa = PBXFileReference; lastKnownFileType = file.storyboard; name = Base; path = Base.lproj/LaunchScreen.storyboard; sourceTree = "<group>"; };
		2A787ABA1E42A9C000B82E6E /* Info.plist */ = {isa = PBXFileReference; lastKnownFileType = text.plist.xml; path = Info.plist; sourceTree = "<group>"; };
		2A787ABF1E42A9C000B82E6E /* efuerzoTests.xctest */ = {isa = PBXFileReference; explicitFileType = wrapper.cfbundle; includeInIndex = 0; path = efuerzoTests.xctest; sourceTree = BUILT_PRODUCTS_DIR; };
		2A787AC31E42A9C000B82E6E /* efuerzoTests.swift */ = {isa = PBXFileReference; lastKnownFileType = sourcecode.swift; path = efuerzoTests.swift; sourceTree = "<group>"; };
		2A787AC51E42A9C000B82E6E /* Info.plist */ = {isa = PBXFileReference; lastKnownFileType = text.plist.xml; path = Info.plist; sourceTree = "<group>"; };
		2A787ACA1E42A9C000B82E6E /* efuerzoUITests.xctest */ = {isa = PBXFileReference; explicitFileType = wrapper.cfbundle; includeInIndex = 0; path = efuerzoUITests.xctest; sourceTree = BUILT_PRODUCTS_DIR; };
		2A787ACE1E42A9C000B82E6E /* efuerzoUITests.swift */ = {isa = PBXFileReference; lastKnownFileType = sourcecode.swift; path = efuerzoUITests.swift; sourceTree = "<group>"; };
		2A787AD01E42A9C000B82E6E /* Info.plist */ = {isa = PBXFileReference; lastKnownFileType = text.plist.xml; path = Info.plist; sourceTree = "<group>"; };
		2A787ADC1E42AA9100B82E6E /* LoginViewController.swift */ = {isa = PBXFileReference; fileEncoding = 4; lastKnownFileType = sourcecode.swift; path = LoginViewController.swift; sourceTree = "<group>"; };
		2A787ADE1E435F5C00B82E6E /* RegisterViewController.swift */ = {isa = PBXFileReference; fileEncoding = 4; lastKnownFileType = sourcecode.swift; path = RegisterViewController.swift; sourceTree = "<group>"; };
		2A787AE01E43B0A000B82E6E /* ForgotPassViewController.swift */ = {isa = PBXFileReference; fileEncoding = 4; lastKnownFileType = sourcecode.swift; path = ForgotPassViewController.swift; sourceTree = "<group>"; };
		2A7AC3371E543C0C00AB3966 /* efuerzo.xcdatamodel */ = {isa = PBXFileReference; lastKnownFileType = wrapper.xcdatamodel; path = efuerzo.xcdatamodel; sourceTree = "<group>"; };
		2A7AC3391E54538500AB3966 /* ContactUsViewController.swift */ = {isa = PBXFileReference; fileEncoding = 4; lastKnownFileType = sourcecode.swift; path = ContactUsViewController.swift; sourceTree = "<group>"; };
		2A7F48BA1E64C58E00FC991E /* InstructorViewController.swift */ = {isa = PBXFileReference; fileEncoding = 4; lastKnownFileType = sourcecode.swift; path = InstructorViewController.swift; sourceTree = "<group>"; };
		2A7F48BC1E683B3700FC991E /* AddTimetableViewController.swift */ = {isa = PBXFileReference; fileEncoding = 4; lastKnownFileType = sourcecode.swift; path = AddTimetableViewController.swift; sourceTree = "<group>"; };
		2A7F48BF1E683DB900FC991E /* Base */ = {isa = PBXFileReference; lastKnownFileType = file.storyboard; name = Base; path = Base.lproj/Main.storyboard; sourceTree = "<group>"; };
		2A7F48C11E6A0FFB00FC991E /* Reach.swift */ = {isa = PBXFileReference; fileEncoding = 4; lastKnownFileType = sourcecode.swift; path = Reach.swift; sourceTree = "<group>"; };
		2ACCC2881E74A1E10093BA65 /* CellView.swift */ = {isa = PBXFileReference; fileEncoding = 4; lastKnownFileType = sourcecode.swift; path = CellView.swift; sourceTree = "<group>"; };
		2ADCDA461E5468EA0084B09A /* walkthroughViewController.swift */ = {isa = PBXFileReference; fileEncoding = 4; lastKnownFileType = sourcecode.swift; path = walkthroughViewController.swift; sourceTree = "<group>"; };
		2ADCDA481E5486A90084B09A /* PrivacyPolicyViewController.swift */ = {isa = PBXFileReference; fileEncoding = 4; lastKnownFileType = sourcecode.swift; path = PrivacyPolicyViewController.swift; sourceTree = "<group>"; };
		2AF8083D1E74D2E400AB3E58 /* CellView.xib */ = {isa = PBXFileReference; fileEncoding = 4; lastKnownFileType = file.xib; path = CellView.xib; sourceTree = SOURCE_ROOT; };
		2AF8083F1E74DF8C00AB3E58 /* PinkSectionHeaderView.xib */ = {isa = PBXFileReference; fileEncoding = 4; lastKnownFileType = file.xib; path = PinkSectionHeaderView.xib; sourceTree = "<group>"; };
		2AF808411E74E03D00AB3E58 /* PinkSectionHeaderView.swift */ = {isa = PBXFileReference; fileEncoding = 4; lastKnownFileType = sourcecode.swift; path = PinkSectionHeaderView.swift; sourceTree = "<group>"; };
		2AF808431E76429D00AB3E58 /* WhiteSectionHeaderView.xib */ = {isa = PBXFileReference; fileEncoding = 4; lastKnownFileType = file.xib; path = WhiteSectionHeaderView.xib; sourceTree = "<group>"; };
		2AF808451E76430C00AB3E58 /* WhiteSectionHeaderView.swift */ = {isa = PBXFileReference; fileEncoding = 4; lastKnownFileType = sourcecode.swift; path = WhiteSectionHeaderView.swift; sourceTree = "<group>"; };
		2AF808471E77543500AB3E58 /* CurrentEventsViewController.swift */ = {isa = PBXFileReference; fileEncoding = 4; lastKnownFileType = sourcecode.swift; path = CurrentEventsViewController.swift; sourceTree = "<group>"; };
		2AFA69EA1E59B89300A61FA9 /* SubjectsViewController.swift */ = {isa = PBXFileReference; fileEncoding = 4; lastKnownFileType = sourcecode.swift; path = SubjectsViewController.swift; sourceTree = "<group>"; };
		2AFA69EE1E5A75AC00A61FA9 /* CoreData.framework */ = {isa = PBXFileReference; lastKnownFileType = wrapper.framework; name = CoreData.framework; path = System/Library/Frameworks/CoreData.framework; sourceTree = SDKROOT; };
		2AFA6A2D1E5C651300A61FA9 /* PasswordChangeViewController.swift */ = {isa = PBXFileReference; fileEncoding = 4; lastKnownFileType = sourcecode.swift; path = PasswordChangeViewController.swift; sourceTree = "<group>"; };
		4B44072601641C45639DF511 /* Pods_efuerzo.framework */ = {isa = PBXFileReference; explicitFileType = wrapper.framework; includeInIndex = 0; path = Pods_efuerzo.framework; sourceTree = BUILT_PRODUCTS_DIR; };
		556C257BC2FD2544E0F3CA1A /* Pods-efuerzo.release.xcconfig */ = {isa = PBXFileReference; includeInIndex = 1; lastKnownFileType = text.xcconfig; name = "Pods-efuerzo.release.xcconfig"; path = "Pods/Target Support Files/Pods-efuerzo/Pods-efuerzo.release.xcconfig"; sourceTree = "<group>"; };
		893FD84D0910DC48B4E8F074 /* Pods-efuerzo.debug.xcconfig */ = {isa = PBXFileReference; includeInIndex = 1; lastKnownFileType = text.xcconfig; name = "Pods-efuerzo.debug.xcconfig"; path = "Pods/Target Support Files/Pods-efuerzo/Pods-efuerzo.debug.xcconfig"; sourceTree = "<group>"; };
		D20224588AF8EDF5751856BF /* Pods_efuerzoTests.framework */ = {isa = PBXFileReference; explicitFileType = wrapper.framework; includeInIndex = 0; path = Pods_efuerzoTests.framework; sourceTree = BUILT_PRODUCTS_DIR; };
		D966ADFE612B45FE5E9B4A71 /* Pods_efuerzoUITests.framework */ = {isa = PBXFileReference; explicitFileType = wrapper.framework; includeInIndex = 0; path = Pods_efuerzoUITests.framework; sourceTree = BUILT_PRODUCTS_DIR; };
/* End PBXFileReference section */

/* Begin PBXFrameworksBuildPhase section */
		2A787AA61E42A9C000B82E6E /* Frameworks */ = {
			isa = PBXFrameworksBuildPhase;
			buildActionMask = 2147483647;
			files = (
				2AFA69EF1E5A75AC00A61FA9 /* CoreData.framework in Frameworks */,
				B0A4152A785518C710DB518E /* Pods_efuerzo.framework in Frameworks */,
			);
			runOnlyForDeploymentPostprocessing = 0;
		};
		2A787ABC1E42A9C000B82E6E /* Frameworks */ = {
			isa = PBXFrameworksBuildPhase;
			buildActionMask = 2147483647;
			files = (
			);
			runOnlyForDeploymentPostprocessing = 0;
		};
		2A787AC71E42A9C000B82E6E /* Frameworks */ = {
			isa = PBXFrameworksBuildPhase;
			buildActionMask = 2147483647;
			files = (
			);
			runOnlyForDeploymentPostprocessing = 0;
		};
/* End PBXFrameworksBuildPhase section */

/* Begin PBXGroup section */
		2A4012361E44FDEF00BD48CB /* php scripts */ = {
			isa = PBXGroup;
			children = (
				2A68BFAD1E7495C200B4B7AC /* addInstructors.php */,
				2A68BFAE1E7495C200B4B7AC /* addSubjects.php */,
				2A68BFAF1E7495C200B4B7AC /* changePassword.php */,
				2A68BFB01E7495C200B4B7AC /* class.phpmailer.php */,
				2A68BFB11E7495C200B4B7AC /* connection.php */,
				2A68BFB21E7495C200B4B7AC /* email_verify.php */,
				2A68BFB31E7495C200B4B7AC /* removeInstructors.php */,
				2A68BFB41E7495C200B4B7AC /* removeSubjects.php */,
				2A68BFB51E7495C200B4B7AC /* retrieveInstructors.php */,
				2A68BFB61E7495C200B4B7AC /* retrieveSubjects.php */,
				2A68BFB71E7495C200B4B7AC /* testfile.php */,
				2A68BFB81E7495C200B4B7AC /* userForgot.php */,
				2A68BFB91E7495C200B4B7AC /* userLogin.php */,
				2A68BFBA1E7495C200B4B7AC /* userRegister.php */,
				2A3140DA1E4958C60084327F /* class.phpmailer.php */,
			);
			name = "php scripts";
			path = ..;
			sourceTree = "<group>";
		};
		2A55BFD91E52585600555670 /* Preferences Tab */ = {
			isa = PBXGroup;
			children = (
				2A26E57A1E50E2950030E05B /* PreferencesViewController.swift */,
				2AFA6A2D1E5C651300A61FA9 /* PasswordChangeViewController.swift */,
				2A368E9F1E5E26FF004BFD25 /* ExistingTimetableViewController.swift */,
				2A55BFD61E5257A900555670 /* ManageAccountViewController.swift */,
				2A7AC3391E54538500AB3966 /* ContactUsViewController.swift */,
				2A7F48BC1E683B3700FC991E /* AddTimetableViewController.swift */,
				2AFA69EA1E59B89300A61FA9 /* SubjectsViewController.swift */,
				2A7F48BA1E64C58E00FC991E /* InstructorViewController.swift */,
				2ADCDA461E5468EA0084B09A /* walkthroughViewController.swift */,
				2ADCDA481E5486A90084B09A /* PrivacyPolicyViewController.swift */,
			);
			name = "Preferences Tab";
			sourceTree = "<group>";
		};
		2A55BFDA1E52587C00555670 /* Login and Register */ = {
			isa = PBXGroup;
			children = (
				2A787ADC1E42AA9100B82E6E /* LoginViewController.swift */,
				2A787ADE1E435F5C00B82E6E /* RegisterViewController.swift */,
				2A787AE01E43B0A000B82E6E /* ForgotPassViewController.swift */,
			);
			name = "Login and Register";
			sourceTree = "<group>";
		};
		2A55BFDB1E5258A800555670 /* Timetable View */ = {
			isa = PBXGroup;
			children = (
				2A3140CA1E4943B50084327F /* TimetableViewController.swift */,
				2AF808471E77543500AB3E58 /* CurrentEventsViewController.swift */,
				2AF8083D1E74D2E400AB3E58 /* CellView.xib */,
				2AF8083F1E74DF8C00AB3E58 /* PinkSectionHeaderView.xib */,
				2AF808431E76429D00AB3E58 /* WhiteSectionHeaderView.xib */,
				2AF808411E74E03D00AB3E58 /* PinkSectionHeaderView.swift */,
				2AF808451E76430C00AB3E58 /* WhiteSectionHeaderView.swift */,
				2ACCC2881E74A1E10093BA65 /* CellView.swift */,
				2A06AB961E6E11540025B9AE /* AddClassViewController.swift */,
			);
			name = "Timetable View";
			sourceTree = "<group>";
		};
		2A55BFDC1E5258BA00555670 /* Assignments and Exams */ = {
			isa = PBXGroup;
			children = (
				2A3140CC1E4943C20084327F /* DeadlinesViewController.swift */,
				2A0FFAE71E4AA4D400160785 /* IncompleteDeadlinesViewController.swift */,
				2A0FFAE91E4AA4F300160785 /* CompleteDeadlinesViewController.swift */,
			);
			name = "Assignments and Exams";
			sourceTree = "<group>";
		};
		2A55BFDD1E5258DF00555670 /* Homepage */ = {
			isa = PBXGroup;
			children = (
				2A3140D61E49466D0084327F /* HomePageViewController.swift */,
			);
			name = Homepage;
			sourceTree = "<group>";
		};
		2A787AA01E42A9C000B82E6E = {
			isa = PBXGroup;
			children = (
				2A787AAB1E42A9C000B82E6E /* efuerzo */,
				2A787AC21E42A9C000B82E6E /* efuerzoTests */,
				2A787ACD1E42A9C000B82E6E /* efuerzoUITests */,
				2A787AAA1E42A9C000B82E6E /* Products */,
				2AFA69ED1E5A75AC00A61FA9 /* Frameworks */,
				8C967811E521924BB94FAF3C /* Pods */,
			);
			sourceTree = "<group>";
		};
		2A787AAA1E42A9C000B82E6E /* Products */ = {
			isa = PBXGroup;
			children = (
				2A787AA91E42A9C000B82E6E /* efuerzo.app */,
				2A787ABF1E42A9C000B82E6E /* efuerzoTests.xctest */,
				2A787ACA1E42A9C000B82E6E /* efuerzoUITests.xctest */,
			);
			name = Products;
			sourceTree = "<group>";
		};
		2A787AAB1E42A9C000B82E6E /* efuerzo */ = {
			isa = PBXGroup;
			children = (
				2A4012361E44FDEF00BD48CB /* php scripts */,
				2A787AB71E42A9C000B82E6E /* LaunchScreen.storyboard */,
				2A787AAC1E42A9C000B82E6E /* AppDelegate.swift */,
				2A7F48BE1E683DB900FC991E /* Main.storyboard */,
				2A7F48C11E6A0FFB00FC991E /* Reach.swift */,
				2A787AB51E42A9C000B82E6E /* Assets.xcassets */,
				2A787ABA1E42A9C000B82E6E /* Info.plist */,
				2A7AC3361E543C0C00AB3966 /* efuerzo.xcdatamodeld */,
				2A55BFDA1E52587C00555670 /* Login and Register */,
				2A55BFD91E52585600555670 /* Preferences Tab */,
				2A55BFDB1E5258A800555670 /* Timetable View */,
				2A55BFDC1E5258BA00555670 /* Assignments and Exams */,
				2A55BFDD1E5258DF00555670 /* Homepage */,
			);
			path = efuerzo;
			sourceTree = "<group>";
		};
		2A787AC21E42A9C000B82E6E /* efuerzoTests */ = {
			isa = PBXGroup;
			children = (
				2A787AC31E42A9C000B82E6E /* efuerzoTests.swift */,
				2A787AC51E42A9C000B82E6E /* Info.plist */,
			);
			path = efuerzoTests;
			sourceTree = "<group>";
		};
		2A787ACD1E42A9C000B82E6E /* efuerzoUITests */ = {
			isa = PBXGroup;
			children = (
				2A787ACE1E42A9C000B82E6E /* efuerzoUITests.swift */,
				2A787AD01E42A9C000B82E6E /* Info.plist */,
			);
			path = efuerzoUITests;
			sourceTree = "<group>";
		};
		2AFA69ED1E5A75AC00A61FA9 /* Frameworks */ = {
			isa = PBXGroup;
			children = (
				2AFA69EE1E5A75AC00A61FA9 /* CoreData.framework */,
				4B44072601641C45639DF511 /* Pods_efuerzo.framework */,
				D20224588AF8EDF5751856BF /* Pods_efuerzoTests.framework */,
				D966ADFE612B45FE5E9B4A71 /* Pods_efuerzoUITests.framework */,
			);
			name = Frameworks;
			sourceTree = "<group>";
		};
		8C967811E521924BB94FAF3C /* Pods */ = {
			isa = PBXGroup;
			children = (
				893FD84D0910DC48B4E8F074 /* Pods-efuerzo.debug.xcconfig */,
				556C257BC2FD2544E0F3CA1A /* Pods-efuerzo.release.xcconfig */,
			);
			name = Pods;
			sourceTree = "<group>";
		};
/* End PBXGroup section */

/* Begin PBXNativeTarget section */
		2A787AA81E42A9C000B82E6E /* efuerzo */ = {
			isa = PBXNativeTarget;
			buildConfigurationList = 2A787AD31E42A9C000B82E6E /* Build configuration list for PBXNativeTarget "efuerzo" */;
			buildPhases = (
				371B700FD7B7B52FB3AAE8B9 /* [CP] Check Pods Manifest.lock */,
				2A787AA51E42A9C000B82E6E /* Sources */,
				2A787AA61E42A9C000B82E6E /* Frameworks */,
				2A787AA71E42A9C000B82E6E /* Resources */,
				66291267133FDF3D526D630C /* [CP] Embed Pods Frameworks */,
				9C553B4F3887F8F242DF75CE /* [CP] Copy Pods Resources */,
			);
			buildRules = (
			);
			dependencies = (
			);
			name = efuerzo;
			productName = efuerzo;
			productReference = 2A787AA91E42A9C000B82E6E /* efuerzo.app */;
			productType = "com.apple.product-type.application";
		};
		2A787ABE1E42A9C000B82E6E /* efuerzoTests */ = {
			isa = PBXNativeTarget;
			buildConfigurationList = 2A787AD61E42A9C000B82E6E /* Build configuration list for PBXNativeTarget "efuerzoTests" */;
			buildPhases = (
				2A787ABB1E42A9C000B82E6E /* Sources */,
				2A787ABC1E42A9C000B82E6E /* Frameworks */,
				2A787ABD1E42A9C000B82E6E /* Resources */,
			);
			buildRules = (
			);
			dependencies = (
				2A787AC11E42A9C000B82E6E /* PBXTargetDependency */,
			);
			name = efuerzoTests;
			productName = efuerzoTests;
			productReference = 2A787ABF1E42A9C000B82E6E /* efuerzoTests.xctest */;
			productType = "com.apple.product-type.bundle.unit-test";
		};
		2A787AC91E42A9C000B82E6E /* efuerzoUITests */ = {
			isa = PBXNativeTarget;
			buildConfigurationList = 2A787AD91E42A9C000B82E6E /* Build configuration list for PBXNativeTarget "efuerzoUITests" */;
			buildPhases = (
				2A787AC61E42A9C000B82E6E /* Sources */,
				2A787AC71E42A9C000B82E6E /* Frameworks */,
				2A787AC81E42A9C000B82E6E /* Resources */,
			);
			buildRules = (
			);
			dependencies = (
				2A787ACC1E42A9C000B82E6E /* PBXTargetDependency */,
			);
			name = efuerzoUITests;
			productName = efuerzoUITests;
			productReference = 2A787ACA1E42A9C000B82E6E /* efuerzoUITests.xctest */;
			productType = "com.apple.product-type.bundle.ui-testing";
		};
/* End PBXNativeTarget section */

/* Begin PBXProject section */
		2A787AA11E42A9C000B82E6E /* Project object */ = {
			isa = PBXProject;
			attributes = {
				LastSwiftUpdateCheck = 0820;
				LastUpgradeCheck = 0820;
				ORGANIZATIONNAME = "Nouman Mehmood";
				TargetAttributes = {
					2A787AA81E42A9C000B82E6E = {
						CreatedOnToolsVersion = 8.2.1;
						DevelopmentTeam = D949FXATB8;
						ProvisioningStyle = Automatic;
					};
					2A787ABE1E42A9C000B82E6E = {
						CreatedOnToolsVersion = 8.2.1;
						DevelopmentTeam = D949FXATB8;
						ProvisioningStyle = Automatic;
						TestTargetID = 2A787AA81E42A9C000B82E6E;
					};
					2A787AC91E42A9C000B82E6E = {
						CreatedOnToolsVersion = 8.2.1;
						DevelopmentTeam = D949FXATB8;
						ProvisioningStyle = Automatic;
						TestTargetID = 2A787AA81E42A9C000B82E6E;
					};
				};
			};
			buildConfigurationList = 2A787AA41E42A9C000B82E6E /* Build configuration list for PBXProject "efuerzo" */;
			compatibilityVersion = "Xcode 3.2";
			developmentRegion = English;
			hasScannedForEncodings = 0;
			knownRegions = (
				en,
				Base,
			);
			mainGroup = 2A787AA01E42A9C000B82E6E;
			productRefGroup = 2A787AAA1E42A9C000B82E6E /* Products */;
			projectDirPath = "";
			projectRoot = "";
			targets = (
				2A787AA81E42A9C000B82E6E /* efuerzo */,
				2A787ABE1E42A9C000B82E6E /* efuerzoTests */,
				2A787AC91E42A9C000B82E6E /* efuerzoUITests */,
			);
		};
/* End PBXProject section */

/* Begin PBXResourcesBuildPhase section */
		2A787AA71E42A9C000B82E6E /* Resources */ = {
			isa = PBXResourcesBuildPhase;
			buildActionMask = 2147483647;
			files = (
				2A68BFC11E7495C200B4B7AC /* removeInstructors.php in Resources */,
				2A787AB91E42A9C000B82E6E /* LaunchScreen.storyboard in Resources */,
				2A68BFC31E7495C200B4B7AC /* retrieveInstructors.php in Resources */,
				2A68BFBB1E7495C200B4B7AC /* addInstructors.php in Resources */,
				2A68BFC61E7495C200B4B7AC /* userForgot.php in Resources */,
				2A68BFC51E7495C200B4B7AC /* testfile.php in Resources */,
				2A7F48C01E683DB900FC991E /* Main.storyboard in Resources */,
				2A68BFBD1E7495C200B4B7AC /* changePassword.php in Resources */,
				2A68BFC21E7495C200B4B7AC /* removeSubjects.php in Resources */,
				2A68BFC71E7495C200B4B7AC /* userLogin.php in Resources */,
				2A68BFC01E7495C200B4B7AC /* email_verify.php in Resources */,
				2AF8083E1E74D2E400AB3E58 /* CellView.xib in Resources */,
				2A68BFBC1E7495C200B4B7AC /* addSubjects.php in Resources */,
				2AF808441E76429D00AB3E58 /* WhiteSectionHeaderView.xib in Resources */,
				2AF808401E74DF8C00AB3E58 /* PinkSectionHeaderView.xib in Resources */,
				2A787AB61E42A9C000B82E6E /* Assets.xcassets in Resources */,
				2A3140DB1E4958C60084327F /* class.phpmailer.php in Resources */,
				2A68BFC81E7495C200B4B7AC /* userRegister.php in Resources */,
				2A68BFBE1E7495C200B4B7AC /* class.phpmailer.php in Resources */,
				2A68BFBF1E7495C200B4B7AC /* connection.php in Resources */,
				2A68BFC41E7495C200B4B7AC /* retrieveSubjects.php in Resources */,
			);
			runOnlyForDeploymentPostprocessing = 0;
		};
		2A787ABD1E42A9C000B82E6E /* Resources */ = {
			isa = PBXResourcesBuildPhase;
			buildActionMask = 2147483647;
			files = (
			);
			runOnlyForDeploymentPostprocessing = 0;
		};
		2A787AC81E42A9C000B82E6E /* Resources */ = {
			isa = PBXResourcesBuildPhase;
			buildActionMask = 2147483647;
			files = (
			);
			runOnlyForDeploymentPostprocessing = 0;
		};
/* End PBXResourcesBuildPhase section */

/* Begin PBXShellScriptBuildPhase section */
		371B700FD7B7B52FB3AAE8B9 /* [CP] Check Pods Manifest.lock */ = {
			isa = PBXShellScriptBuildPhase;
			buildActionMask = 2147483647;
			files = (
			);
			inputPaths = (
			);
			name = "[CP] Check Pods Manifest.lock";
			outputPaths = (
			);
			runOnlyForDeploymentPostprocessing = 0;
			shellPath = /bin/sh;
			shellScript = "diff \"${PODS_ROOT}/../Podfile.lock\" \"${PODS_ROOT}/Manifest.lock\" > /dev/null\nif [ $? != 0 ] ; then\n    # print error to STDERR\n    echo \"error: The sandbox is not in sync with the Podfile.lock. Run 'pod install' or update your CocoaPods installation.\" >&2\n    exit 1\nfi\n";
			showEnvVarsInLog = 0;
		};
		66291267133FDF3D526D630C /* [CP] Embed Pods Frameworks */ = {
			isa = PBXShellScriptBuildPhase;
			buildActionMask = 2147483647;
			files = (
			);
			inputPaths = (
			);
			name = "[CP] Embed Pods Frameworks";
			outputPaths = (
			);
			runOnlyForDeploymentPostprocessing = 0;
			shellPath = /bin/sh;
			shellScript = "\"${SRCROOT}/Pods/Target Support Files/Pods-efuerzo/Pods-efuerzo-frameworks.sh\"\n";
			showEnvVarsInLog = 0;
		};
		9C553B4F3887F8F242DF75CE /* [CP] Copy Pods Resources */ = {
			isa = PBXShellScriptBuildPhase;
			buildActionMask = 2147483647;
			files = (
			);
			inputPaths = (
			);
			name = "[CP] Copy Pods Resources";
			outputPaths = (
			);
			runOnlyForDeploymentPostprocessing = 0;
			shellPath = /bin/sh;
			shellScript = "\"${SRCROOT}/Pods/Target Support Files/Pods-efuerzo/Pods-efuerzo-resources.sh\"\n";
			showEnvVarsInLog = 0;
		};
/* End PBXShellScriptBuildPhase section */

/* Begin PBXSourcesBuildPhase section */
		2A787AA51E42A9C000B82E6E /* Sources */ = {
			isa = PBXSourcesBuildPhase;
			buildActionMask = 2147483647;
			files = (
				2A7F48BD1E683B3700FC991E /* AddTimetableViewController.swift in Sources */,
				2AF808481E77543500AB3E58 /* CurrentEventsViewController.swift in Sources */,
				2A06AB971E6E11540025B9AE /* AddClassViewController.swift in Sources */,
				2AFA69EC1E5A754400A61FA9 /* efuerzo.xcdatamodeld in Sources */,
				2ACCC2891E74A1E10093BA65 /* CellView.swift in Sources */,
				2A787ADD1E42AA9100B82E6E /* LoginViewController.swift in Sources */,
				2A787ADF1E435F5C00B82E6E /* RegisterViewController.swift in Sources */,
				2A7F48C21E6A0FFB00FC991E /* Reach.swift in Sources */,
				2AFA6A2E1E5C651300A61FA9 /* PasswordChangeViewController.swift in Sources */,
				2A3140CB1E4943B50084327F /* TimetableViewController.swift in Sources */,
				2AF808421E74E03D00AB3E58 /* PinkSectionHeaderView.swift in Sources */,
				2AF808461E76430C00AB3E58 /* WhiteSectionHeaderView.swift in Sources */,
				2A368EA01E5E26FF004BFD25 /* ExistingTimetableViewController.swift in Sources */,
				2A3140D71E49466D0084327F /* HomePageViewController.swift in Sources */,
				2A0FFAE81E4AA4D400160785 /* IncompleteDeadlinesViewController.swift in Sources */,
				2A26E57B1E50E2950030E05B /* PreferencesViewController.swift in Sources */,
				2A7AC33A1E54538500AB3966 /* ContactUsViewController.swift in Sources */,
				2A787AE11E43B0A000B82E6E /* ForgotPassViewController.swift in Sources */,
				2AFA69EB1E59B89300A61FA9 /* SubjectsViewController.swift in Sources */,
				2A7F48BB1E64C58E00FC991E /* InstructorViewController.swift in Sources */,
				2A3140CD1E4943C20084327F /* DeadlinesViewController.swift in Sources */,
				2A787AAD1E42A9C000B82E6E /* AppDelegate.swift in Sources */,
				2ADCDA471E5468EA0084B09A /* walkthroughViewController.swift in Sources */,
				2ADCDA491E5486A90084B09A /* PrivacyPolicyViewController.swift in Sources */,
				2A0FFAEA1E4AA4F300160785 /* CompleteDeadlinesViewController.swift in Sources */,
				2A55BFD71E5257A900555670 /* ManageAccountViewController.swift in Sources */,
			);
			runOnlyForDeploymentPostprocessing = 0;
		};
		2A787ABB1E42A9C000B82E6E /* Sources */ = {
			isa = PBXSourcesBuildPhase;
			buildActionMask = 2147483647;
			files = (
				2A787AC41E42A9C000B82E6E /* efuerzoTests.swift in Sources */,
			);
			runOnlyForDeploymentPostprocessing = 0;
		};
		2A787AC61E42A9C000B82E6E /* Sources */ = {
			isa = PBXSourcesBuildPhase;
			buildActionMask = 2147483647;
			files = (
				2A787ACF1E42A9C000B82E6E /* efuerzoUITests.swift in Sources */,
			);
			runOnlyForDeploymentPostprocessing = 0;
		};
/* End PBXSourcesBuildPhase section */

/* Begin PBXTargetDependency section */
		2A787AC11E42A9C000B82E6E /* PBXTargetDependency */ = {
			isa = PBXTargetDependency;
			target = 2A787AA81E42A9C000B82E6E /* efuerzo */;
			targetProxy = 2A787AC01E42A9C000B82E6E /* PBXContainerItemProxy */;
		};
		2A787ACC1E42A9C000B82E6E /* PBXTargetDependency */ = {
			isa = PBXTargetDependency;
			target = 2A787AA81E42A9C000B82E6E /* efuerzo */;
			targetProxy = 2A787ACB1E42A9C000B82E6E /* PBXContainerItemProxy */;
		};
/* End PBXTargetDependency section */

/* Begin PBXVariantGroup section */
		2A787AB71E42A9C000B82E6E /* LaunchScreen.storyboard */ = {
			isa = PBXVariantGroup;
			children = (
				2A787AB81E42A9C000B82E6E /* Base */,
			);
			name = LaunchScreen.storyboard;
			sourceTree = "<group>";
		};
		2A7F48BE1E683DB900FC991E /* Main.storyboard */ = {
			isa = PBXVariantGroup;
			children = (
				2A7F48BF1E683DB900FC991E /* Base */,
			);
			name = Main.storyboard;
			sourceTree = "<group>";
		};
/* End PBXVariantGroup section */

/* Begin XCBuildConfiguration section */
		2A787AD11E42A9C000B82E6E /* Debug */ = {
			isa = XCBuildConfiguration;
			buildSettings = {
				ALWAYS_SEARCH_USER_PATHS = NO;
				CLANG_ANALYZER_NONNULL = YES;
				CLANG_CXX_LANGUAGE_STANDARD = "gnu++0x";
				CLANG_CXX_LIBRARY = "libc++";
				CLANG_ENABLE_MODULES = YES;
				CLANG_ENABLE_OBJC_ARC = YES;
				CLANG_WARN_BOOL_CONVERSION = YES;
				CLANG_WARN_CONSTANT_CONVERSION = YES;
				CLANG_WARN_DIRECT_OBJC_ISA_USAGE = YES_ERROR;
				CLANG_WARN_DOCUMENTATION_COMMENTS = YES;
				CLANG_WARN_EMPTY_BODY = YES;
				CLANG_WARN_ENUM_CONVERSION = YES;
				CLANG_WARN_INFINITE_RECURSION = YES;
				CLANG_WARN_INT_CONVERSION = YES;
				CLANG_WARN_OBJC_ROOT_CLASS = YES_ERROR;
				CLANG_WARN_SUSPICIOUS_MOVE = YES;
				CLANG_WARN_UNREACHABLE_CODE = YES;
				CLANG_WARN__DUPLICATE_METHOD_MATCH = YES;
				"CODE_SIGN_IDENTITY[sdk=iphoneos*]" = "iPhone Developer";
				COPY_PHASE_STRIP = NO;
				DEBUG_INFORMATION_FORMAT = dwarf;
				ENABLE_STRICT_OBJC_MSGSEND = YES;
				ENABLE_TESTABILITY = YES;
				GCC_C_LANGUAGE_STANDARD = gnu99;
				GCC_DYNAMIC_NO_PIC = NO;
				GCC_NO_COMMON_BLOCKS = YES;
				GCC_OPTIMIZATION_LEVEL = 0;
				GCC_PREPROCESSOR_DEFINITIONS = (
					"DEBUG=1",
					"$(inherited)",
				);
				GCC_WARN_64_TO_32_BIT_CONVERSION = YES;
				GCC_WARN_ABOUT_RETURN_TYPE = YES_ERROR;
				GCC_WARN_UNDECLARED_SELECTOR = YES;
				GCC_WARN_UNINITIALIZED_AUTOS = YES_AGGRESSIVE;
				GCC_WARN_UNUSED_FUNCTION = YES;
				GCC_WARN_UNUSED_VARIABLE = YES;
				IPHONEOS_DEPLOYMENT_TARGET = 10.2;
				MTL_ENABLE_DEBUG_INFO = YES;
				ONLY_ACTIVE_ARCH = YES;
				SDKROOT = iphoneos;
				SWIFT_ACTIVE_COMPILATION_CONDITIONS = DEBUG;
				SWIFT_OPTIMIZATION_LEVEL = "-Onone";
			};
			name = Debug;
		};
		2A787AD21E42A9C000B82E6E /* Release */ = {
			isa = XCBuildConfiguration;
			buildSettings = {
				ALWAYS_SEARCH_USER_PATHS = NO;
				CLANG_ANALYZER_NONNULL = YES;
				CLANG_CXX_LANGUAGE_STANDARD = "gnu++0x";
				CLANG_CXX_LIBRARY = "libc++";
				CLANG_ENABLE_MODULES = YES;
				CLANG_ENABLE_OBJC_ARC = YES;
				CLANG_WARN_BOOL_CONVERSION = YES;
				CLANG_WARN_CONSTANT_CONVERSION = YES;
				CLANG_WARN_DIRECT_OBJC_ISA_USAGE = YES_ERROR;
				CLANG_WARN_DOCUMENTATION_COMMENTS = YES;
				CLANG_WARN_EMPTY_BODY = YES;
				CLANG_WARN_ENUM_CONVERSION = YES;
				CLANG_WARN_INFINITE_RECURSION = YES;
				CLANG_WARN_INT_CONVERSION = YES;
				CLANG_WARN_OBJC_ROOT_CLASS = YES_ERROR;
				CLANG_WARN_SUSPICIOUS_MOVE = YES;
				CLANG_WARN_UNREACHABLE_CODE = YES;
				CLANG_WARN__DUPLICATE_METHOD_MATCH = YES;
				"CODE_SIGN_IDENTITY[sdk=iphoneos*]" = "iPhone Developer";
				COPY_PHASE_STRIP = NO;
				DEBUG_INFORMATION_FORMAT = "dwarf-with-dsym";
				ENABLE_NS_ASSERTIONS = NO;
				ENABLE_STRICT_OBJC_MSGSEND = YES;
				GCC_C_LANGUAGE_STANDARD = gnu99;
				GCC_NO_COMMON_BLOCKS = YES;
				GCC_WARN_64_TO_32_BIT_CONVERSION = YES;
				GCC_WARN_ABOUT_RETURN_TYPE = YES_ERROR;
				GCC_WARN_UNDECLARED_SELECTOR = YES;
				GCC_WARN_UNINITIALIZED_AUTOS = YES_AGGRESSIVE;
				GCC_WARN_UNUSED_FUNCTION = YES;
				GCC_WARN_UNUSED_VARIABLE = YES;
				IPHONEOS_DEPLOYMENT_TARGET = 10.2;
				MTL_ENABLE_DEBUG_INFO = NO;
				SDKROOT = iphoneos;
				SWIFT_OPTIMIZATION_LEVEL = "-Owholemodule";
				VALIDATE_PRODUCT = YES;
			};
			name = Release;
		};
		2A787AD41E42A9C000B82E6E /* Debug */ = {
			isa = XCBuildConfiguration;
			baseConfigurationReference = 893FD84D0910DC48B4E8F074 /* Pods-efuerzo.debug.xcconfig */;
			buildSettings = {
				ASSETCATALOG_COMPILER_APPICON_NAME = AppIcon;
				DEVELOPMENT_TEAM = D949FXATB8;
				INFOPLIST_FILE = efuerzo/Info.plist;
				LD_RUNPATH_SEARCH_PATHS = "$(inherited) @executable_path/Frameworks";
				PRODUCT_BUNDLE_IDENTIFIER = com.noumanmehmood.esfuerzo;
				PRODUCT_NAME = "$(TARGET_NAME)";
				SWIFT_VERSION = 3.0;
			};
			name = Debug;
		};
		2A787AD51E42A9C000B82E6E /* Release */ = {
			isa = XCBuildConfiguration;
			baseConfigurationReference = 556C257BC2FD2544E0F3CA1A /* Pods-efuerzo.release.xcconfig */;
			buildSettings = {
				ASSETCATALOG_COMPILER_APPICON_NAME = AppIcon;
				DEVELOPMENT_TEAM = D949FXATB8;
				INFOPLIST_FILE = efuerzo/Info.plist;
				LD_RUNPATH_SEARCH_PATHS = "$(inherited) @executable_path/Frameworks";
				PRODUCT_BUNDLE_IDENTIFIER = com.noumanmehmood.esfuerzo;
				PRODUCT_NAME = "$(TARGET_NAME)";
				SWIFT_VERSION = 3.0;
			};
			name = Release;
		};
		2A787AD71E42A9C000B82E6E /* Debug */ = {
			isa = XCBuildConfiguration;
			buildSettings = {
				ALWAYS_EMBED_SWIFT_STANDARD_LIBRARIES = YES;
				BUNDLE_LOADER = "$(TEST_HOST)";
				DEVELOPMENT_TEAM = D949FXATB8;
				INFOPLIST_FILE = efuerzoTests/Info.plist;
				LD_RUNPATH_SEARCH_PATHS = "$(inherited) @executable_path/Frameworks @loader_path/Frameworks";
				PRODUCT_BUNDLE_IDENTIFIER = com.noumanmehmood.efuerzoTests;
				PRODUCT_NAME = "$(TARGET_NAME)";
				SWIFT_VERSION = 3.0;
				TEST_HOST = "$(BUILT_PRODUCTS_DIR)/efuerzo.app/efuerzo";
			};
			name = Debug;
		};
		2A787AD81E42A9C000B82E6E /* Release */ = {
			isa = XCBuildConfiguration;
			buildSettings = {
				ALWAYS_EMBED_SWIFT_STANDARD_LIBRARIES = YES;
				BUNDLE_LOADER = "$(TEST_HOST)";
				DEVELOPMENT_TEAM = D949FXATB8;
				INFOPLIST_FILE = efuerzoTests/Info.plist;
				LD_RUNPATH_SEARCH_PATHS = "$(inherited) @executable_path/Frameworks @loader_path/Frameworks";
				PRODUCT_BUNDLE_IDENTIFIER = com.noumanmehmood.efuerzoTests;
				PRODUCT_NAME = "$(TARGET_NAME)";
				SWIFT_VERSION = 3.0;
				TEST_HOST = "$(BUILT_PRODUCTS_DIR)/efuerzo.app/efuerzo";
			};
			name = Release;
		};
		2A787ADA1E42A9C000B82E6E /* Debug */ = {
			isa = XCBuildConfiguration;
			buildSettings = {
				ALWAYS_EMBED_SWIFT_STANDARD_LIBRARIES = YES;
				DEVELOPMENT_TEAM = D949FXATB8;
				INFOPLIST_FILE = efuerzoUITests/Info.plist;
				LD_RUNPATH_SEARCH_PATHS = "$(inherited) @executable_path/Frameworks @loader_path/Frameworks";
				PRODUCT_BUNDLE_IDENTIFIER = com.noumanmehmood.efuerzoUITests;
				PRODUCT_NAME = "$(TARGET_NAME)";
				SWIFT_VERSION = 3.0;
				TEST_TARGET_NAME = efuerzo;
			};
			name = Debug;
		};
		2A787ADB1E42A9C000B82E6E /* Release */ = {
			isa = XCBuildConfiguration;
			buildSettings = {
				ALWAYS_EMBED_SWIFT_STANDARD_LIBRARIES = YES;
				DEVELOPMENT_TEAM = D949FXATB8;
				INFOPLIST_FILE = efuerzoUITests/Info.plist;
				LD_RUNPATH_SEARCH_PATHS = "$(inherited) @executable_path/Frameworks @loader_path/Frameworks";
				PRODUCT_BUNDLE_IDENTIFIER = com.noumanmehmood.efuerzoUITests;
				PRODUCT_NAME = "$(TARGET_NAME)";
				SWIFT_VERSION = 3.0;
				TEST_TARGET_NAME = efuerzo;
			};
			name = Release;
		};
/* End XCBuildConfiguration section */

/* Begin XCConfigurationList section */
		2A787AA41E42A9C000B82E6E /* Build configuration list for PBXProject "efuerzo" */ = {
			isa = XCConfigurationList;
			buildConfigurations = (
				2A787AD11E42A9C000B82E6E /* Debug */,
				2A787AD21E42A9C000B82E6E /* Release */,
			);
			defaultConfigurationIsVisible = 0;
			defaultConfigurationName = Release;
		};
		2A787AD31E42A9C000B82E6E /* Build configuration list for PBXNativeTarget "efuerzo" */ = {
			isa = XCConfigurationList;
			buildConfigurations = (
				2A787AD41E42A9C000B82E6E /* Debug */,
				2A787AD51E42A9C000B82E6E /* Release */,
			);
			defaultConfigurationIsVisible = 0;
			defaultConfigurationName = Release;
		};
		2A787AD61E42A9C000B82E6E /* Build configuration list for PBXNativeTarget "efuerzoTests" */ = {
			isa = XCConfigurationList;
			buildConfigurations = (
				2A787AD71E42A9C000B82E6E /* Debug */,
				2A787AD81E42A9C000B82E6E /* Release */,
			);
			defaultConfigurationIsVisible = 0;
			defaultConfigurationName = Release;
		};
		2A787AD91E42A9C000B82E6E /* Build configuration list for PBXNativeTarget "efuerzoUITests" */ = {
			isa = XCConfigurationList;
			buildConfigurations = (
				2A787ADA1E42A9C000B82E6E /* Debug */,
				2A787ADB1E42A9C000B82E6E /* Release */,
			);
			defaultConfigurationIsVisible = 0;
			defaultConfigurationName = Release;
		};
/* End XCConfigurationList section */

/* Begin XCVersionGroup section */
		2A7AC3361E543C0C00AB3966 /* efuerzo.xcdatamodeld */ = {
			isa = XCVersionGroup;
			children = (
				2A7AC3371E543C0C00AB3966 /* efuerzo.xcdatamodel */,
			);
			currentVersion = 2A7AC3371E543C0C00AB3966 /* efuerzo.xcdatamodel */;
			path = efuerzo.xcdatamodeld;
			sourceTree = "<group>";
			versionGroupType = wrapper.xcdatamodel;
		};
/* End XCVersionGroup section */
	};
	rootObject = 2A787AA11E42A9C000B82E6E /* Project object */;
}
