// !$*UTF8*$!
{
	archiveVersion = 1;
	classes = {
	};
	objectVersion = 46;
	objects = {

/* Begin PBXBuildFile section */
		2A0FFAE81E4AA4D400160785 /* IncompleteDeadlinesViewController.swift in Sources */ = {isa = PBXBuildFile; fileRef = 2A0FFAE71E4AA4D400160785 /* IncompleteDeadlinesViewController.swift */; };
		2A0FFAEA1E4AA4F300160785 /* CompleteDeadlinesViewController.swift in Sources */ = {isa = PBXBuildFile; fileRef = 2A0FFAE91E4AA4F300160785 /* CompleteDeadlinesViewController.swift */; };
		2A26E57B1E50E2950030E05B /* PreferencesViewController.swift in Sources */ = {isa = PBXBuildFile; fileRef = 2A26E57A1E50E2950030E05B /* PreferencesViewController.swift */; };
		2A26E5851E511F880030E05B /* xcdatamodeld.xcdatamodeld in Sources */ = {isa = PBXBuildFile; fileRef = 2A26E5821E511D760030E05B /* xcdatamodeld.xcdatamodeld */; };
		2A3140CB1E4943B50084327F /* TimetableViewController.swift in Sources */ = {isa = PBXBuildFile; fileRef = 2A3140CA1E4943B50084327F /* TimetableViewController.swift */; };
		2A3140CD1E4943C20084327F /* DeadlinesViewController.swift in Sources */ = {isa = PBXBuildFile; fileRef = 2A3140CC1E4943C20084327F /* DeadlinesViewController.swift */; };
		2A3140D11E4944190084327F /* userLogin.php in Resources */ = {isa = PBXBuildFile; fileRef = 2A3140D01E4944190084327F /* userLogin.php */; };
		2A3140D31E49444D0084327F /* userForgot.php in Resources */ = {isa = PBXBuildFile; fileRef = 2A3140D21E49444D0084327F /* userForgot.php */; };
		2A3140D51E4944650084327F /* userRegister.php in Resources */ = {isa = PBXBuildFile; fileRef = 2A3140D41E4944650084327F /* userRegister.php */; };
		2A3140D71E49466D0084327F /* HomePageViewController.swift in Sources */ = {isa = PBXBuildFile; fileRef = 2A3140D61E49466D0084327F /* HomePageViewController.swift */; };
		2A3140DB1E4958C60084327F /* class.phpmailer.php in Resources */ = {isa = PBXBuildFile; fileRef = 2A3140DA1E4958C60084327F /* class.phpmailer.php */; };
		2A4012381E44FE3800BD48CB /* connection.php in Resources */ = {isa = PBXBuildFile; fileRef = 2A4012371E44FE3800BD48CB /* connection.php */; };
		2A55BFD71E5257A900555670 /* ManageAccountViewController.swift in Sources */ = {isa = PBXBuildFile; fileRef = 2A55BFD61E5257A900555670 /* ManageAccountViewController.swift */; };
		2A787AAD1E42A9C000B82E6E /* AppDelegate.swift in Sources */ = {isa = PBXBuildFile; fileRef = 2A787AAC1E42A9C000B82E6E /* AppDelegate.swift */; };
		2A787AB41E42A9C000B82E6E /* Main.storyboard in Resources */ = {isa = PBXBuildFile; fileRef = 2A787AB21E42A9C000B82E6E /* Main.storyboard */; };
		2A787AB61E42A9C000B82E6E /* Assets.xcassets in Resources */ = {isa = PBXBuildFile; fileRef = 2A787AB51E42A9C000B82E6E /* Assets.xcassets */; };
		2A787AB91E42A9C000B82E6E /* LaunchScreen.storyboard in Resources */ = {isa = PBXBuildFile; fileRef = 2A787AB71E42A9C000B82E6E /* LaunchScreen.storyboard */; };
		2A787AC41E42A9C000B82E6E /* efuerzoTests.swift in Sources */ = {isa = PBXBuildFile; fileRef = 2A787AC31E42A9C000B82E6E /* efuerzoTests.swift */; };
		2A787ACF1E42A9C000B82E6E /* efuerzoUITests.swift in Sources */ = {isa = PBXBuildFile; fileRef = 2A787ACE1E42A9C000B82E6E /* efuerzoUITests.swift */; };
		2A787ADD1E42AA9100B82E6E /* LoginViewController.swift in Sources */ = {isa = PBXBuildFile; fileRef = 2A787ADC1E42AA9100B82E6E /* LoginViewController.swift */; };
		2A787ADF1E435F5C00B82E6E /* RegisterViewController.swift in Sources */ = {isa = PBXBuildFile; fileRef = 2A787ADE1E435F5C00B82E6E /* RegisterViewController.swift */; };
		2A787AE11E43B0A000B82E6E /* ForgotPassViewController.swift in Sources */ = {isa = PBXBuildFile; fileRef = 2A787AE01E43B0A000B82E6E /* ForgotPassViewController.swift */; };
/* End PBXBuildFile section */

/* Begin PBXContainerItemProxy section */
		2A787AC01E42A9C000B82E6E /* PBXContainerItemProxy */ = {
			isa = PBXContainerItemProxy;
			containerPortal = 2A787AA11E42A9C000B82E6E /* Project object */;
			proxyType = 1;
			remoteGlobalIDString = 2A787AA81E42A9C000B82E6E;
			remoteInfo = efuerzo;
		};
		2A787ACB1E42A9C000B82E6E /* PBXContainerItemProxy */ = {
			isa = PBXContainerItemProxy;
			containerPortal = 2A787AA11E42A9C000B82E6E /* Project object */;
			proxyType = 1;
			remoteGlobalIDString = 2A787AA81E42A9C000B82E6E;
			remoteInfo = efuerzo;
		};
/* End PBXContainerItemProxy section */

/* Begin PBXFileReference section */
		2A0FFAE71E4AA4D400160785 /* IncompleteDeadlinesViewController.swift */ = {isa = PBXFileReference; fileEncoding = 4; lastKnownFileType = sourcecode.swift; path = IncompleteDeadlinesViewController.swift; sourceTree = "<group>"; };
		2A0FFAE91E4AA4F300160785 /* CompleteDeadlinesViewController.swift */ = {isa = PBXFileReference; fileEncoding = 4; lastKnownFileType = sourcecode.swift; path = CompleteDeadlinesViewController.swift; sourceTree = "<group>"; };
		2A26E57A1E50E2950030E05B /* PreferencesViewController.swift */ = {isa = PBXFileReference; fileEncoding = 4; lastKnownFileType = sourcecode.swift; path = PreferencesViewController.swift; sourceTree = "<group>"; };
		2A26E5831E511D760030E05B /* xcdatamodeld.xcdatamodel */ = {isa = PBXFileReference; lastKnownFileType = wrapper.xcdatamodel; path = xcdatamodeld.xcdatamodel; sourceTree = "<group>"; };
		2A3140CA1E4943B50084327F /* TimetableViewController.swift */ = {isa = PBXFileReference; fileEncoding = 4; lastKnownFileType = sourcecode.swift; path = TimetableViewController.swift; sourceTree = "<group>"; };
		2A3140CC1E4943C20084327F /* DeadlinesViewController.swift */ = {isa = PBXFileReference; fileEncoding = 4; lastKnownFileType = sourcecode.swift; path = DeadlinesViewController.swift; sourceTree = "<group>"; };
		2A3140D01E4944190084327F /* userLogin.php */ = {isa = PBXFileReference; fileEncoding = 4; lastKnownFileType = text.script.php; path = userLogin.php; sourceTree = "<group>"; };
		2A3140D21E49444D0084327F /* userForgot.php */ = {isa = PBXFileReference; fileEncoding = 4; lastKnownFileType = text.script.php; path = userForgot.php; sourceTree = "<group>"; };
		2A3140D41E4944650084327F /* userRegister.php */ = {isa = PBXFileReference; fileEncoding = 4; lastKnownFileType = text.script.php; path = userRegister.php; sourceTree = "<group>"; };
		2A3140D61E49466D0084327F /* HomePageViewController.swift */ = {isa = PBXFileReference; fileEncoding = 4; lastKnownFileType = sourcecode.swift; path = HomePageViewController.swift; sourceTree = "<group>"; };
		2A3140DA1E4958C60084327F /* class.phpmailer.php */ = {isa = PBXFileReference; fileEncoding = 4; lastKnownFileType = text.script.php; path = class.phpmailer.php; sourceTree = "<group>"; };
		2A4012371E44FE3800BD48CB /* connection.php */ = {isa = PBXFileReference; fileEncoding = 4; lastKnownFileType = text.script.php; path = connection.php; sourceTree = "<group>"; };
		2A55BFD61E5257A900555670 /* ManageAccountViewController.swift */ = {isa = PBXFileReference; fileEncoding = 4; lastKnownFileType = sourcecode.swift; path = ManageAccountViewController.swift; sourceTree = "<group>"; };
		2A787AA91E42A9C000B82E6E /* efuerzo.app */ = {isa = PBXFileReference; explicitFileType = wrapper.application; includeInIndex = 0; path = efuerzo.app; sourceTree = BUILT_PRODUCTS_DIR; };
		2A787AAC1E42A9C000B82E6E /* AppDelegate.swift */ = {isa = PBXFileReference; lastKnownFileType = sourcecode.swift; path = AppDelegate.swift; sourceTree = "<group>"; };
		2A787AB31E42A9C000B82E6E /* Base */ = {isa = PBXFileReference; lastKnownFileType = file.storyboard; name = Base; path = Base.lproj/Main.storyboard; sourceTree = "<group>"; };
		2A787AB51E42A9C000B82E6E /* Assets.xcassets */ = {isa = PBXFileReference; lastKnownFileType = folder.assetcatalog; path = Assets.xcassets; sourceTree = "<group>"; };
		2A787AB81E42A9C000B82E6E /* Base */ = {isa = PBXFileReference; lastKnownFileType = file.storyboard; name = Base; path = Base.lproj/LaunchScreen.storyboard; sourceTree = "<group>"; };
		2A787ABA1E42A9C000B82E6E /* Info.plist */ = {isa = PBXFileReference; lastKnownFileType = text.plist.xml; path = Info.plist; sourceTree = "<group>"; };
		2A787ABF1E42A9C000B82E6E /* efuerzoTests.xctest */ = {isa = PBXFileReference; explicitFileType = wrapper.cfbundle; includeInIndex = 0; path = efuerzoTests.xctest; sourceTree = BUILT_PRODUCTS_DIR; };
		2A787AC31E42A9C000B82E6E /* efuerzoTests.swift */ = {isa = PBXFileReference; lastKnownFileType = sourcecode.swift; path = efuerzoTests.swift; sourceTree = "<group>"; };
		2A787AC51E42A9C000B82E6E /* Info.plist */ = {isa = PBXFileReference; lastKnownFileType = text.plist.xml; path = Info.plist; sourceTree = "<group>"; };
		2A787ACA1E42A9C000B82E6E /* efuerzoUITests.xctest */ = {isa = PBXFileReference; explicitFileType = wrapper.cfbundle; includeInIndex = 0; path = efuerzoUITests.xctest; sourceTree = BUILT_PRODUCTS_DIR; };
		2A787ACE1E42A9C000B82E6E /* efuerzoUITests.swift */ = {isa = PBXFileReference; lastKnownFileType = sourcecode.swift; path = efuerzoUITests.swift; sourceTree = "<group>"; };
		2A787AD01E42A9C000B82E6E /* Info.plist */ = {isa = PBXFileReference; lastKnownFileType = text.plist.xml; path = Info.plist; sourceTree = "<group>"; };
		2A787ADC1E42AA9100B82E6E /* LoginViewController.swift */ = {isa = PBXFileReference; fileEncoding = 4; lastKnownFileType = sourcecode.swift; path = LoginViewController.swift; sourceTree = "<group>"; };
		2A787ADE1E435F5C00B82E6E /* RegisterViewController.swift */ = {isa = PBXFileReference; fileEncoding = 4; lastKnownFileType = sourcecode.swift; path = RegisterViewController.swift; sourceTree = "<group>"; };
		2A787AE01E43B0A000B82E6E /* ForgotPassViewController.swift */ = {isa = PBXFileReference; fileEncoding = 4; lastKnownFileType = sourcecode.swift; path = ForgotPassViewController.swift; sourceTree = "<group>"; };
/* End PBXFileReference section */

/* Begin PBXFrameworksBuildPhase section */
		2A787AA61E42A9C000B82E6E /* Frameworks */ = {
			isa = PBXFrameworksBuildPhase;
			buildActionMask = 2147483647;
			files = (
			);
			runOnlyForDeploymentPostprocessing = 0;
		};
		2A787ABC1E42A9C000B82E6E /* Frameworks */ = {
			isa = PBXFrameworksBuildPhase;
			buildActionMask = 2147483647;
			files = (
			);
			runOnlyForDeploymentPostprocessing = 0;
		};
		2A787AC71E42A9C000B82E6E /* Frameworks */ = {
			isa = PBXFrameworksBuildPhase;
			buildActionMask = 2147483647;
			files = (
			);
			runOnlyForDeploymentPostprocessing = 0;
		};
/* End PBXFrameworksBuildPhase section */

/* Begin PBXGroup section */
		2A4012361E44FDEF00BD48CB /* php scripts */ = {
			isa = PBXGroup;
			children = (
				2A4012371E44FE3800BD48CB /* connection.php */,
				2A3140D01E4944190084327F /* userLogin.php */,
				2A3140D21E49444D0084327F /* userForgot.php */,
				2A3140D41E4944650084327F /* userRegister.php */,
				2A3140DA1E4958C60084327F /* class.phpmailer.php */,
			);
			name = "php scripts";
			path = ..;
			sourceTree = "<group>";
		};
		2A55BFD91E52585600555670 /* Preferences Tab */ = {
			isa = PBXGroup;
			children = (
				2A55BFD61E5257A900555670 /* ManageAccountViewController.swift */,
				2A26E57A1E50E2950030E05B /* PreferencesViewController.swift */,
			);
			name = "Preferences Tab";
			sourceTree = "<group>";
		};
		2A55BFDA1E52587C00555670 /* Login and Register */ = {
			isa = PBXGroup;
			children = (
				2A787ADC1E42AA9100B82E6E /* LoginViewController.swift */,
				2A787ADE1E435F5C00B82E6E /* RegisterViewController.swift */,
				2A787AE01E43B0A000B82E6E /* ForgotPassViewController.swift */,
			);
			name = "Login and Register";
			sourceTree = "<group>";
		};
		2A55BFDB1E5258A800555670 /* Timetable View */ = {
			isa = PBXGroup;
			children = (
				2A3140CA1E4943B50084327F /* TimetableViewController.swift */,
			);
			name = "Timetable View";
			sourceTree = "<group>";
		};
		2A55BFDC1E5258BA00555670 /* Assignments and Exams */ = {
			isa = PBXGroup;
			children = (
				2A3140CC1E4943C20084327F /* DeadlinesViewController.swift */,
				2A0FFAE71E4AA4D400160785 /* IncompleteDeadlinesViewController.swift */,
				2A0FFAE91E4AA4F300160785 /* CompleteDeadlinesViewController.swift */,
			);
			name = "Assignments and Exams";
			sourceTree = "<group>";
		};
		2A55BFDD1E5258DF00555670 /* Homepage */ = {
			isa = PBXGroup;
			children = (
				2A3140D61E49466D0084327F /* HomePageViewController.swift */,
			);
			name = Homepage;
			sourceTree = "<group>";
		};
		2A787AA01E42A9C000B82E6E = {
			isa = PBXGroup;
			children = (
				2A787AAB1E42A9C000B82E6E /* efuerzo */,
				2A787AC21E42A9C000B82E6E /* efuerzoTests */,
				2A787ACD1E42A9C000B82E6E /* efuerzoUITests */,
				2A787AAA1E42A9C000B82E6E /* Products */,
			);
			sourceTree = "<group>";
		};
		2A787AAA1E42A9C000B82E6E /* Products */ = {
			isa = PBXGroup;
			children = (
				2A787AA91E42A9C000B82E6E /* efuerzo.app */,
				2A787ABF1E42A9C000B82E6E /* efuerzoTests.xctest */,
				2A787ACA1E42A9C000B82E6E /* efuerzoUITests.xctest */,
			);
			name = Products;
			sourceTree = "<group>";
		};
		2A787AAB1E42A9C000B82E6E /* efuerzo */ = {
			isa = PBXGroup;
			children = (
				2A4012361E44FDEF00BD48CB /* php scripts */,
				2A787AB71E42A9C000B82E6E /* LaunchScreen.storyboard */,
				2A787AAC1E42A9C000B82E6E /* AppDelegate.swift */,
				2A787AB21E42A9C000B82E6E /* Main.storyboard */,
				2A26E5821E511D760030E05B /* xcdatamodeld.xcdatamodeld */,
				2A787ABA1E42A9C000B82E6E /* Info.plist */,
				2A787AB51E42A9C000B82E6E /* Assets.xcassets */,
				2A55BFDA1E52587C00555670 /* Login and Register */,
				2A55BFD91E52585600555670 /* Preferences Tab */,
				2A55BFDB1E5258A800555670 /* Timetable View */,
				2A55BFDC1E5258BA00555670 /* Assignments and Exams */,
				2A55BFDD1E5258DF00555670 /* Homepage */,
			);
			path = efuerzo;
			sourceTree = "<group>";
		};
		2A787AC21E42A9C000B82E6E /* efuerzoTests */ = {
			isa = PBXGroup;
			children = (
				2A787AC31E42A9C000B82E6E /* efuerzoTests.swift */,
				2A787AC51E42A9C000B82E6E /* Info.plist */,
			);
			path = efuerzoTests;
			sourceTree = "<group>";
		};
		2A787ACD1E42A9C000B82E6E /* efuerzoUITests */ = {
			isa = PBXGroup;
			children = (
				2A787ACE1E42A9C000B82E6E /* efuerzoUITests.swift */,
				2A787AD01E42A9C000B82E6E /* Info.plist */,
			);
			path = efuerzoUITests;
			sourceTree = "<group>";
		};
/* End PBXGroup section */

/* Begin PBXNativeTarget section */
		2A787AA81E42A9C000B82E6E /* efuerzo */ = {
			isa = PBXNativeTarget;
			buildConfigurationList = 2A787AD31E42A9C000B82E6E /* Build configuration list for PBXNativeTarget "efuerzo" */;
			buildPhases = (
				2A787AA51E42A9C000B82E6E /* Sources */,
				2A787AA61E42A9C000B82E6E /* Frameworks */,
				2A787AA71E42A9C000B82E6E /* Resources */,
			);
			buildRules = (
			);
			dependencies = (
			);
			name = efuerzo;
			productName = efuerzo;
			productReference = 2A787AA91E42A9C000B82E6E /* efuerzo.app */;
			productType = "com.apple.product-type.application";
		};
		2A787ABE1E42A9C000B82E6E /* efuerzoTests */ = {
			isa = PBXNativeTarget;
			buildConfigurationList = 2A787AD61E42A9C000B82E6E /* Build configuration list for PBXNativeTarget "efuerzoTests" */;
			buildPhases = (
				2A787ABB1E42A9C000B82E6E /* Sources */,
				2A787ABC1E42A9C000B82E6E /* Frameworks */,
				2A787ABD1E42A9C000B82E6E /* Resources */,
			);
			buildRules = (
			);
			dependencies = (
				2A787AC11E42A9C000B82E6E /* PBXTargetDependency */,
			);
			name = efuerzoTests;
			productName = efuerzoTests;
			productReference = 2A787ABF1E42A9C000B82E6E /* efuerzoTests.xctest */;
			productType = "com.apple.product-type.bundle.unit-test";
		};
		2A787AC91E42A9C000B82E6E /* efuerzoUITests */ = {
			isa = PBXNativeTarget;
			buildConfigurationList = 2A787AD91E42A9C000B82E6E /* Build configuration list for PBXNativeTarget "efuerzoUITests" */;
			buildPhases = (
				2A787AC61E42A9C000B82E6E /* Sources */,
				2A787AC71E42A9C000B82E6E /* Frameworks */,
				2A787AC81E42A9C000B82E6E /* Resources */,
			);
			buildRules = (
			);
			dependencies = (
				2A787ACC1E42A9C000B82E6E /* PBXTargetDependency */,
			);
			name = efuerzoUITests;
			productName = efuerzoUITests;
			productReference = 2A787ACA1E42A9C000B82E6E /* efuerzoUITests.xctest */;
			productType = "com.apple.product-type.bundle.ui-testing";
		};
/* End PBXNativeTarget section */

/* Begin PBXProject section */
		2A787AA11E42A9C000B82E6E /* Project object */ = {
			isa = PBXProject;
			attributes = {
				LastSwiftUpdateCheck = 0820;
				LastUpgradeCheck = 0820;
				ORGANIZATIONNAME = "Nouman Mehmood";
				TargetAttributes = {
					2A787AA81E42A9C000B82E6E = {
						CreatedOnToolsVersion = 8.2.1;
						DevelopmentTeam = D949FXATB8;
						ProvisioningStyle = Automatic;
					};
					2A787ABE1E42A9C000B82E6E = {
						CreatedOnToolsVersion = 8.2.1;
						DevelopmentTeam = D949FXATB8;
						ProvisioningStyle = Automatic;
						TestTargetID = 2A787AA81E42A9C000B82E6E;
					};
					2A787AC91E42A9C000B82E6E = {
						CreatedOnToolsVersion = 8.2.1;
						DevelopmentTeam = D949FXATB8;
						ProvisioningStyle = Automatic;
						TestTargetID = 2A787AA81E42A9C000B82E6E;
					};
				};
			};
			buildConfigurationList = 2A787AA41E42A9C000B82E6E /* Build configuration list for PBXProject "efuerzo" */;
			compatibilityVersion = "Xcode 3.2";
			developmentRegion = English;
			hasScannedForEncodings = 0;
			knownRegions = (
				en,
				Base,
			);
			mainGroup = 2A787AA01E42A9C000B82E6E;
			productRefGroup = 2A787AAA1E42A9C000B82E6E /* Products */;
			projectDirPath = "";
			projectRoot = "";
			targets = (
				2A787AA81E42A9C000B82E6E /* efuerzo */,
				2A787ABE1E42A9C000B82E6E /* efuerzoTests */,
				2A787AC91E42A9C000B82E6E /* efuerzoUITests */,
			);
		};
/* End PBXProject section */

/* Begin PBXResourcesBuildPhase section */
		2A787AA71E42A9C000B82E6E /* Resources */ = {
			isa = PBXResourcesBuildPhase;
			buildActionMask = 2147483647;
			files = (
				2A4012381E44FE3800BD48CB /* connection.php in Resources */,
				2A3140D11E4944190084327F /* userLogin.php in Resources */,
				2A787AB91E42A9C000B82E6E /* LaunchScreen.storyboard in Resources */,
				2A787AB61E42A9C000B82E6E /* Assets.xcassets in Resources */,
				2A3140D31E49444D0084327F /* userForgot.php in Resources */,
				2A787AB41E42A9C000B82E6E /* Main.storyboard in Resources */,
				2A3140D51E4944650084327F /* userRegister.php in Resources */,
				2A3140DB1E4958C60084327F /* class.phpmailer.php in Resources */,
			);
			runOnlyForDeploymentPostprocessing = 0;
		};
		2A787ABD1E42A9C000B82E6E /* Resources */ = {
			isa = PBXResourcesBuildPhase;
			buildActionMask = 2147483647;
			files = (
			);
			runOnlyForDeploymentPostprocessing = 0;
		};
		2A787AC81E42A9C000B82E6E /* Resources */ = {
			isa = PBXResourcesBuildPhase;
			buildActionMask = 2147483647;
			files = (
			);
			runOnlyForDeploymentPostprocessing = 0;
		};
/* End PBXResourcesBuildPhase section */

/* Begin PBXSourcesBuildPhase section */
		2A787AA51E42A9C000B82E6E /* Sources */ = {
			isa = PBXSourcesBuildPhase;
			buildActionMask = 2147483647;
			files = (
				2A26E5851E511F880030E05B /* xcdatamodeld.xcdatamodeld in Sources */,
				2A787ADD1E42AA9100B82E6E /* LoginViewController.swift in Sources */,
				2A787ADF1E435F5C00B82E6E /* RegisterViewController.swift in Sources */,
				2A3140CB1E4943B50084327F /* TimetableViewController.swift in Sources */,
				2A3140D71E49466D0084327F /* HomePageViewController.swift in Sources */,
				2A0FFAE81E4AA4D400160785 /* IncompleteDeadlinesViewController.swift in Sources */,
				2A26E57B1E50E2950030E05B /* PreferencesViewController.swift in Sources */,
				2A787AE11E43B0A000B82E6E /* ForgotPassViewController.swift in Sources */,
				2A3140CD1E4943C20084327F /* DeadlinesViewController.swift in Sources */,
				2A787AAD1E42A9C000B82E6E /* AppDelegate.swift in Sources */,
				2A0FFAEA1E4AA4F300160785 /* CompleteDeadlinesViewController.swift in Sources */,
				2A55BFD71E5257A900555670 /* ManageAccountViewController.swift in Sources */,
			);
			runOnlyForDeploymentPostprocessing = 0;
		};
		2A787ABB1E42A9C000B82E6E /* Sources */ = {
			isa = PBXSourcesBuildPhase;
			buildActionMask = 2147483647;
			files = (
				2A787AC41E42A9C000B82E6E /* efuerzoTests.swift in Sources */,
			);
			runOnlyForDeploymentPostprocessing = 0;
		};
		2A787AC61E42A9C000B82E6E /* Sources */ = {
			isa = PBXSourcesBuildPhase;
			buildActionMask = 2147483647;
			files = (
				2A787ACF1E42A9C000B82E6E /* efuerzoUITests.swift in Sources */,
			);
			runOnlyForDeploymentPostprocessing = 0;
		};
/* End PBXSourcesBuildPhase section */

/* Begin PBXTargetDependency section */
		2A787AC11E42A9C000B82E6E /* PBXTargetDependency */ = {
			isa = PBXTargetDependency;
			target = 2A787AA81E42A9C000B82E6E /* efuerzo */;
			targetProxy = 2A787AC01E42A9C000B82E6E /* PBXContainerItemProxy */;
		};
		2A787ACC1E42A9C000B82E6E /* PBXTargetDependency */ = {
			isa = PBXTargetDependency;
			target = 2A787AA81E42A9C000B82E6E /* efuerzo */;
			targetProxy = 2A787ACB1E42A9C000B82E6E /* PBXContainerItemProxy */;
		};
/* End PBXTargetDependency section */

/* Begin PBXVariantGroup section */
		2A787AB21E42A9C000B82E6E /* Main.storyboard */ = {
			isa = PBXVariantGroup;
			children = (
				2A787AB31E42A9C000B82E6E /* Base */,
			);
			name = Main.storyboard;
			sourceTree = "<group>";
		};
		2A787AB71E42A9C000B82E6E /* LaunchScreen.storyboard */ = {
			isa = PBXVariantGroup;
			children = (
				2A787AB81E42A9C000B82E6E /* Base */,
			);
			name = LaunchScreen.storyboard;
			sourceTree = "<group>";
		};
/* End PBXVariantGroup section */

/* Begin XCBuildConfiguration section */
		2A787AD11E42A9C000B82E6E /* Debug */ = {
			isa = XCBuildConfiguration;
			buildSettings = {
				ALWAYS_SEARCH_USER_PATHS = NO;
				CLANG_ANALYZER_NONNULL = YES;
				CLANG_CXX_LANGUAGE_STANDARD = "gnu++0x";
				CLANG_CXX_LIBRARY = "libc++";
				CLANG_ENABLE_MODULES = YES;
				CLANG_ENABLE_OBJC_ARC = YES;
				CLANG_WARN_BOOL_CONVERSION = YES;
				CLANG_WARN_CONSTANT_CONVERSION = YES;
				CLANG_WARN_DIRECT_OBJC_ISA_USAGE = YES_ERROR;
				CLANG_WARN_DOCUMENTATION_COMMENTS = YES;
				CLANG_WARN_EMPTY_BODY = YES;
				CLANG_WARN_ENUM_CONVERSION = YES;
				CLANG_WARN_INFINITE_RECURSION = YES;
				CLANG_WARN_INT_CONVERSION = YES;
				CLANG_WARN_OBJC_ROOT_CLASS = YES_ERROR;
				CLANG_WARN_SUSPICIOUS_MOVE = YES;
				CLANG_WARN_UNREACHABLE_CODE = YES;
				CLANG_WARN__DUPLICATE_METHOD_MATCH = YES;
				"CODE_SIGN_IDENTITY[sdk=iphoneos*]" = "iPhone Developer";
				COPY_PHASE_STRIP = NO;
				DEBUG_INFORMATION_FORMAT = dwarf;
				ENABLE_STRICT_OBJC_MSGSEND = YES;
				ENABLE_TESTABILITY = YES;
				GCC_C_LANGUAGE_STANDARD = gnu99;
				GCC_DYNAMIC_NO_PIC = NO;
				GCC_NO_COMMON_BLOCKS = YES;
				GCC_OPTIMIZATION_LEVEL = 0;
				GCC_PREPROCESSOR_DEFINITIONS = (
					"DEBUG=1",
					"$(inherited)",
				);
				GCC_WARN_64_TO_32_BIT_CONVERSION = YES;
				GCC_WARN_ABOUT_RETURN_TYPE = YES_ERROR;
				GCC_WARN_UNDECLARED_SELECTOR = YES;
				GCC_WARN_UNINITIALIZED_AUTOS = YES_AGGRESSIVE;
				GCC_WARN_UNUSED_FUNCTION = YES;
				GCC_WARN_UNUSED_VARIABLE = YES;
				IPHONEOS_DEPLOYMENT_TARGET = 10.2;
				MTL_ENABLE_DEBUG_INFO = YES;
				ONLY_ACTIVE_ARCH = YES;
				SDKROOT = iphoneos;
				SWIFT_ACTIVE_COMPILATION_CONDITIONS = DEBUG;
				SWIFT_OPTIMIZATION_LEVEL = "-Onone";
			};
			name = Debug;
		};
		2A787AD21E42A9C000B82E6E /* Release */ = {
			isa = XCBuildConfiguration;
			buildSettings = {
				ALWAYS_SEARCH_USER_PATHS = NO;
				CLANG_ANALYZER_NONNULL = YES;
				CLANG_CXX_LANGUAGE_STANDARD = "gnu++0x";
				CLANG_CXX_LIBRARY = "libc++";
				CLANG_ENABLE_MODULES = YES;
				CLANG_ENABLE_OBJC_ARC = YES;
				CLANG_WARN_BOOL_CONVERSION = YES;
				CLANG_WARN_CONSTANT_CONVERSION = YES;
				CLANG_WARN_DIRECT_OBJC_ISA_USAGE = YES_ERROR;
				CLANG_WARN_DOCUMENTATION_COMMENTS = YES;
				CLANG_WARN_EMPTY_BODY = YES;
				CLANG_WARN_ENUM_CONVERSION = YES;
				CLANG_WARN_INFINITE_RECURSION = YES;
				CLANG_WARN_INT_CONVERSION = YES;
				CLANG_WARN_OBJC_ROOT_CLASS = YES_ERROR;
				CLANG_WARN_SUSPICIOUS_MOVE = YES;
				CLANG_WARN_UNREACHABLE_CODE = YES;
				CLANG_WARN__DUPLICATE_METHOD_MATCH = YES;
				"CODE_SIGN_IDENTITY[sdk=iphoneos*]" = "iPhone Developer";
				COPY_PHASE_STRIP = NO;
				DEBUG_INFORMATION_FORMAT = "dwarf-with-dsym";
				ENABLE_NS_ASSERTIONS = NO;
				ENABLE_STRICT_OBJC_MSGSEND = YES;
				GCC_C_LANGUAGE_STANDARD = gnu99;
				GCC_NO_COMMON_BLOCKS = YES;
				GCC_WARN_64_TO_32_BIT_CONVERSION = YES;
				GCC_WARN_ABOUT_RETURN_TYPE = YES_ERROR;
				GCC_WARN_UNDECLARED_SELECTOR = YES;
				GCC_WARN_UNINITIALIZED_AUTOS = YES_AGGRESSIVE;
				GCC_WARN_UNUSED_FUNCTION = YES;
				GCC_WARN_UNUSED_VARIABLE = YES;
				IPHONEOS_DEPLOYMENT_TARGET = 10.2;
				MTL_ENABLE_DEBUG_INFO = NO;
				SDKROOT = iphoneos;
				SWIFT_OPTIMIZATION_LEVEL = "-Owholemodule";
				VALIDATE_PRODUCT = YES;
			};
			name = Release;
		};
		2A787AD41E42A9C000B82E6E /* Debug */ = {
			isa = XCBuildConfiguration;
			buildSettings = {
				ASSETCATALOG_COMPILER_APPICON_NAME = AppIcon;
				DEVELOPMENT_TEAM = D949FXATB8;
				INFOPLIST_FILE = efuerzo/Info.plist;
				LD_RUNPATH_SEARCH_PATHS = "$(inherited) @executable_path/Frameworks";
				PRODUCT_BUNDLE_IDENTIFIER = com.noumanmehmood.esfuerzo;
				PRODUCT_NAME = "$(TARGET_NAME)";
				SWIFT_VERSION = 3.0;
			};
			name = Debug;
		};
		2A787AD51E42A9C000B82E6E /* Release */ = {
			isa = XCBuildConfiguration;
			buildSettings = {
				ASSETCATALOG_COMPILER_APPICON_NAME = AppIcon;
				DEVELOPMENT_TEAM = D949FXATB8;
				INFOPLIST_FILE = efuerzo/Info.plist;
				LD_RUNPATH_SEARCH_PATHS = "$(inherited) @executable_path/Frameworks";
				PRODUCT_BUNDLE_IDENTIFIER = com.noumanmehmood.esfuerzo;
				PRODUCT_NAME = "$(TARGET_NAME)";
				SWIFT_VERSION = 3.0;
			};
			name = Release;
		};
		2A787AD71E42A9C000B82E6E /* Debug */ = {
			isa = XCBuildConfiguration;
			buildSettings = {
				ALWAYS_EMBED_SWIFT_STANDARD_LIBRARIES = YES;
				BUNDLE_LOADER = "$(TEST_HOST)";
				DEVELOPMENT_TEAM = D949FXATB8;
				INFOPLIST_FILE = efuerzoTests/Info.plist;
				LD_RUNPATH_SEARCH_PATHS = "$(inherited) @executable_path/Frameworks @loader_path/Frameworks";
				PRODUCT_BUNDLE_IDENTIFIER = com.noumanmehmood.efuerzoTests;
				PRODUCT_NAME = "$(TARGET_NAME)";
				SWIFT_VERSION = 3.0;
				TEST_HOST = "$(BUILT_PRODUCTS_DIR)/efuerzo.app/efuerzo";
			};
			name = Debug;
		};
		2A787AD81E42A9C000B82E6E /* Release */ = {
			isa = XCBuildConfiguration;
			buildSettings = {
				ALWAYS_EMBED_SWIFT_STANDARD_LIBRARIES = YES;
				BUNDLE_LOADER = "$(TEST_HOST)";
				DEVELOPMENT_TEAM = D949FXATB8;
				INFOPLIST_FILE = efuerzoTests/Info.plist;
				LD_RUNPATH_SEARCH_PATHS = "$(inherited) @executable_path/Frameworks @loader_path/Frameworks";
				PRODUCT_BUNDLE_IDENTIFIER = com.noumanmehmood.efuerzoTests;
				PRODUCT_NAME = "$(TARGET_NAME)";
				SWIFT_VERSION = 3.0;
				TEST_HOST = "$(BUILT_PRODUCTS_DIR)/efuerzo.app/efuerzo";
			};
			name = Release;
		};
		2A787ADA1E42A9C000B82E6E /* Debug */ = {
			isa = XCBuildConfiguration;
			buildSettings = {
				ALWAYS_EMBED_SWIFT_STANDARD_LIBRARIES = YES;
				DEVELOPMENT_TEAM = D949FXATB8;
				INFOPLIST_FILE = efuerzoUITests/Info.plist;
				LD_RUNPATH_SEARCH_PATHS = "$(inherited) @executable_path/Frameworks @loader_path/Frameworks";
				PRODUCT_BUNDLE_IDENTIFIER = com.noumanmehmood.efuerzoUITests;
				PRODUCT_NAME = "$(TARGET_NAME)";
				SWIFT_VERSION = 3.0;
				TEST_TARGET_NAME = efuerzo;
			};
			name = Debug;
		};
		2A787ADB1E42A9C000B82E6E /* Release */ = {
			isa = XCBuildConfiguration;
			buildSettings = {
				ALWAYS_EMBED_SWIFT_STANDARD_LIBRARIES = YES;
				DEVELOPMENT_TEAM = D949FXATB8;
				INFOPLIST_FILE = efuerzoUITests/Info.plist;
				LD_RUNPATH_SEARCH_PATHS = "$(inherited) @executable_path/Frameworks @loader_path/Frameworks";
				PRODUCT_BUNDLE_IDENTIFIER = com.noumanmehmood.efuerzoUITests;
				PRODUCT_NAME = "$(TARGET_NAME)";
				SWIFT_VERSION = 3.0;
				TEST_TARGET_NAME = efuerzo;
			};
			name = Release;
		};
/* End XCBuildConfiguration section */

/* Begin XCConfigurationList section */
		2A787AA41E42A9C000B82E6E /* Build configuration list for PBXProject "efuerzo" */ = {
			isa = XCConfigurationList;
			buildConfigurations = (
				2A787AD11E42A9C000B82E6E /* Debug */,
				2A787AD21E42A9C000B82E6E /* Release */,
			);
			defaultConfigurationIsVisible = 0;
			defaultConfigurationName = Release;
		};
		2A787AD31E42A9C000B82E6E /* Build configuration list for PBXNativeTarget "efuerzo" */ = {
			isa = XCConfigurationList;
			buildConfigurations = (
				2A787AD41E42A9C000B82E6E /* Debug */,
				2A787AD51E42A9C000B82E6E /* Release */,
			);
			defaultConfigurationIsVisible = 0;
			defaultConfigurationName = Release;
		};
		2A787AD61E42A9C000B82E6E /* Build configuration list for PBXNativeTarget "efuerzoTests" */ = {
			isa = XCConfigurationList;
			buildConfigurations = (
				2A787AD71E42A9C000B82E6E /* Debug */,
				2A787AD81E42A9C000B82E6E /* Release */,
			);
			defaultConfigurationIsVisible = 0;
			defaultConfigurationName = Release;
		};
		2A787AD91E42A9C000B82E6E /* Build configuration list for PBXNativeTarget "efuerzoUITests" */ = {
			isa = XCConfigurationList;
			buildConfigurations = (
				2A787ADA1E42A9C000B82E6E /* Debug */,
				2A787ADB1E42A9C000B82E6E /* Release */,
			);
			defaultConfigurationIsVisible = 0;
			defaultConfigurationName = Release;
		};
/* End XCConfigurationList section */

/* Begin XCVersionGroup section */
		2A26E5821E511D760030E05B /* xcdatamodeld.xcdatamodeld */ = {
			isa = XCVersionGroup;
			children = (
				2A26E5831E511D760030E05B /* xcdatamodeld.xcdatamodel */,
			);
			currentVersion = 2A26E5831E511D760030E05B /* xcdatamodeld.xcdatamodel */;
			path = xcdatamodeld.xcdatamodeld;
			sourceTree = "<group>";
			versionGroupType = wrapper.xcdatamodel;
		};
/* End XCVersionGroup section */
	};
	rootObject = 2A787AA11E42A9C000B82E6E /* Project object */;
}
